{
  "object": {
    "pins": [
      {
        "package": "IQKeyboardManagerSwift",
        "repositoryURL": "https://github.com/hackiftekhar/IQKeyboardManager.git",
        "state": {
          "branch": null,
          "revision": "b0f0a127cca6bb39378447baa2afff74123abd09",
          "version": "6.5.5"
        }
      },
      {
        "package": "Lottie",
        "repositoryURL": "https://github.com/airbnb/lottie-ios",
        "state": {
          "branch": null,
          "revision": "8f81de8d81da8631fd95ff81a9db133b76e13ea4",
          "version": "3.1.6"
        }
      }
    ]
  },
  "version": 1
}
