// !$*UTF8*$!
{
	archiveVersion = 1;
	classes = {
	};
	objectVersion = 52;
	objects = {

/* Begin PBXBuildFile section */
		1E00E5712408AF9500B14C9F /* TagDetailsView.swift in Sources */ = {isa = PBXBuildFile; fileRef = 1E00E5702408AF9500B14C9F /* TagDetailsView.swift */; };
		1E00E5752408CC6200B14C9F /* SplashScreen.swift in Sources */ = {isa = PBXBuildFile; fileRef = 1E00E5742408CC6200B14C9F /* SplashScreen.swift */; };
		1E06D51023FE21AE00467799 /* UIImage+Additions.swift in Sources */ = {isa = PBXBuildFile; fileRef = 1E06D50F23FE21AE00467799 /* UIImage+Additions.swift */; };
		1E0DB24D241F430D003944C5 /* AppState.swift in Sources */ = {isa = PBXBuildFile; fileRef = 1E0DB24C241F430D003944C5 /* AppState.swift */; };
		1E0F7C812402BD42001B033C /* VisitsHomeView.swift in Sources */ = {isa = PBXBuildFile; fileRef = 1E0F7C802402BD42001B033C /* VisitsHomeView.swift */; };
		1E0F7C832402CC5B001B033C /* ExpanadableFAB.swift in Sources */ = {isa = PBXBuildFile; fileRef = 1E0F7C822402CC5B001B033C /* ExpanadableFAB.swift */; };
		1E125C45240D808100D0919E /* ColorAdaptiveVisitsView.swift in Sources */ = {isa = PBXBuildFile; fileRef = 1E125C44240D808100D0919E /* ColorAdaptiveVisitsView.swift */; };
		1E125C47240D83F200D0919E /* RoundedModifier.swift in Sources */ = {isa = PBXBuildFile; fileRef = 1E125C46240D83F200D0919E /* RoundedModifier.swift */; };
		1E125C49240DA17700D0919E /* UIColor+Hex.swift in Sources */ = {isa = PBXBuildFile; fileRef = 1E125C48240DA17700D0919E /* UIColor+Hex.swift */; };
		1E125C4B240DA19B00D0919E /* UIColor+ToColor.swift in Sources */ = {isa = PBXBuildFile; fileRef = 1E125C4A240DA19B00D0919E /* UIColor+ToColor.swift */; };
		1E125C4D240DAA9900D0919E /* Array+Chunk.swift in Sources */ = {isa = PBXBuildFile; fileRef = 1E125C4C240DAA9900D0919E /* Array+Chunk.swift */; };
		1E125C4F240DAB0C00D0919E /* Date+DateComponents.swift in Sources */ = {isa = PBXBuildFile; fileRef = 1E125C4E240DAB0C00D0919E /* Date+DateComponents.swift */; };
		1E125C52240DBA8F00D0919E /* ThemeColorService.swift in Sources */ = {isa = PBXBuildFile; fileRef = 1E125C51240DBA8F00D0919E /* ThemeColorService.swift */; };
		1E125C56240DEE7200D0919E /* ICloudThemeColorService.swift in Sources */ = {isa = PBXBuildFile; fileRef = 1E125C55240DEE7200D0919E /* ICloudThemeColorService.swift */; };
		1E1D3DB623EF8B2500528241 /* VScroll.swift in Sources */ = {isa = PBXBuildFile; fileRef = 1E1D3DB523EF8B2500528241 /* VScroll.swift */; };
		1E21F307240D60F400BC81DC /* ThemePickerView.swift in Sources */ = {isa = PBXBuildFile; fileRef = 1E21F306240D60F400BC81DC /* ThemePickerView.swift */; };
		1E21F309240D617600BC81DC /* ScalingCircle.swift in Sources */ = {isa = PBXBuildFile; fileRef = 1E21F308240D617600BC81DC /* ScalingCircle.swift */; };
		1E21F30D240EC50700BC81DC /* DimensionalButton.swift in Sources */ = {isa = PBXBuildFile; fileRef = 1E21F30C240EC50700BC81DC /* DimensionalButton.swift */; };
		1E22BF5D23E2970500926030 /* Route.gpx in Resources */ = {isa = PBXBuildFile; fileRef = 1E22BF5C23E2970500926030 /* Route.gpx */; };
		1E237EE62415F2E200CEE548 /* FilteredList.swift in Sources */ = {isa = PBXBuildFile; fileRef = 1E237EE52415F2E200CEE548 /* FilteredList.swift */; };
		1E24927023EB52D200165280 /* ColorTextRow.swift in Sources */ = {isa = PBXBuildFile; fileRef = 1E24926F23EB52D200165280 /* ColorTextRow.swift */; };
		1E3237992418632500D370CD /* CloseRouteButton.swift in Sources */ = {isa = PBXBuildFile; fileRef = 1E3237982418632500D370CD /* CloseRouteButton.swift */; };
		1E3CD7EC2403254A00C95ABF /* LocationsListView.swift in Sources */ = {isa = PBXBuildFile; fileRef = 1E3CD7EB2403254A00C95ABF /* LocationsListView.swift */; };
		1E3F498F244BF1E300775F81 /* TagPreviewList.swift in Sources */ = {isa = PBXBuildFile; fileRef = 1E3F498E244BF1E300775F81 /* TagPreviewList.swift */; };
		1E3F4992244BF36A00775F81 /* TagContextMenu.swift in Sources */ = {isa = PBXBuildFile; fileRef = 1E3F4991244BF36A00775F81 /* TagContextMenu.swift */; };
		1E3F4994244C01D100775F81 /* TagCellConstants.swift in Sources */ = {isa = PBXBuildFile; fileRef = 1E3F4993244C01D100775F81 /* TagCellConstants.swift */; };
		1E3FEB0D23E8CC7E000C4A0B /* EditTagView.swift in Sources */ = {isa = PBXBuildFile; fileRef = 1E3FEB0C23E8CC7E000C4A0B /* EditTagView.swift */; };
		1E3FEB1123E8CFDE000C4A0B /* AppColors.swift in Sources */ = {isa = PBXBuildFile; fileRef = 1E3FEB1023E8CFDE000C4A0B /* AppColors.swift */; };
		1E4723232429D76B004FCF7D /* RouteTagHeader.swift in Sources */ = {isa = PBXBuildFile; fileRef = 1E4723222429D76B004FCF7D /* RouteTagHeader.swift */; };
		1E4879F3243AED1300048816 /* IQKeyboardManagerSwift in Frameworks */ = {isa = PBXBuildFile; productRef = 1E4879F2243AED1300048816 /* IQKeyboardManagerSwift */; };
		1E558EDD2411FBE80087C5E3 /* AppView.swift in Sources */ = {isa = PBXBuildFile; fileRef = 1E558EDC2411FBE80087C5E3 /* AppView.swift */; };
		1E558EDF2411FD0C0087C5E3 /* SetupThemePickerView.swift in Sources */ = {isa = PBXBuildFile; fileRef = 1E558EDE2411FD0C0087C5E3 /* SetupThemePickerView.swift */; };
		1E5AF45223E3CC0500A94F10 /* VisitsPreviewList.swift in Sources */ = {isa = PBXBuildFile; fileRef = 1E5AF45123E3CC0500A94F10 /* VisitsPreviewList.swift */; };
		1E5AF45423E3CCCA00A94F10 /* VisitPreviewCell.swift in Sources */ = {isa = PBXBuildFile; fileRef = 1E5AF45323E3CCCA00A94F10 /* VisitPreviewCell.swift */; };
		1E5AF45623E3E25E00A94F10 /* Formatter+DateFormatter.swift in Sources */ = {isa = PBXBuildFile; fileRef = 1E5AF45523E3E25E00A94F10 /* Formatter+DateFormatter.swift */; };
		1E5AF45823E3E2E500A94F10 /* Date+ToString.swift in Sources */ = {isa = PBXBuildFile; fileRef = 1E5AF45723E3E2E500A94F10 /* Date+ToString.swift */; };
		1E5B271924392794000E0054 /* RouteEditNotesHeader.swift in Sources */ = {isa = PBXBuildFile; fileRef = 1E5B271824392794000E0054 /* RouteEditNotesHeader.swift */; };
		1E5DBEA723E9C6A000C86641 /* DisableModifier.swift in Sources */ = {isa = PBXBuildFile; fileRef = 1E5DBEA623E9C6A000C86641 /* DisableModifier.swift */; };
		1E5DBEA923E9C7A100C86641 /* OpacityModifier.swift in Sources */ = {isa = PBXBuildFile; fileRef = 1E5DBEA823E9C7A100C86641 /* OpacityModifier.swift */; };
		1E6D568723E5ED5B0044AB3A /* VisitDetailsView.swift in Sources */ = {isa = PBXBuildFile; fileRef = 1E6D568623E5ED5B0044AB3A /* VisitDetailsView.swift */; };
		1E6D568923E5EEB20044AB3A /* TagView.swift in Sources */ = {isa = PBXBuildFile; fileRef = 1E6D568823E5EEB20044AB3A /* TagView.swift */; };
		1E6D568B23E5F6F10044AB3A /* BImage.swift in Sources */ = {isa = PBXBuildFile; fileRef = 1E6D568A23E5F6F10044AB3A /* BImage.swift */; };
		1E6D568D23E5FEAC0044AB3A /* DayLabel.swift in Sources */ = {isa = PBXBuildFile; fileRef = 1E6D568C23E5FEAC0044AB3A /* DayLabel.swift */; };
		1E6D569423E653990044AB3A /* VSpace.swift in Sources */ = {isa = PBXBuildFile; fileRef = 1E6D569323E653990044AB3A /* VSpace.swift */; };
		1E726FF92402FB82002FC8DB /* TagsListView.swift in Sources */ = {isa = PBXBuildFile; fileRef = 1E726FF82402FB82002FC8DB /* TagsListView.swift */; };
		1E7B618F23E284C600F9F974 /* MapView.swift in Sources */ = {isa = PBXBuildFile; fileRef = 1E7B618E23E284C600F9F974 /* MapView.swift */; };
		1E80278F23E5E9AC0043D119 /* VisitsForDayView.swift in Sources */ = {isa = PBXBuildFile; fileRef = 1E80278E23E5E9AC0043D119 /* VisitsForDayView.swift */; };
		1E8909CE23F880070008500E /* VisitCellConstants.swift in Sources */ = {isa = PBXBuildFile; fileRef = 1E8909CD23F880070008500E /* VisitCellConstants.swift */; };
		1E97274223EB57AE006528ED /* LocationVisitsView.swift in Sources */ = {isa = PBXBuildFile; fileRef = 1E97274123EB57AE006528ED /* LocationVisitsView.swift */; };
		1E9D785923E10B4F0020FAFE /* AppDelegate.swift in Sources */ = {isa = PBXBuildFile; fileRef = 1E9D785823E10B4F0020FAFE /* AppDelegate.swift */; };
		1E9D785B23E10B4F0020FAFE /* SceneDelegate.swift in Sources */ = {isa = PBXBuildFile; fileRef = 1E9D785A23E10B4F0020FAFE /* SceneDelegate.swift */; };
		1E9D785E23E10B4F0020FAFE /* Locations_App.xcdatamodeld in Sources */ = {isa = PBXBuildFile; fileRef = 1E9D785C23E10B4F0020FAFE /* Locations_App.xcdatamodeld */; };
		1E9D786023E10B4F0020FAFE /* RootView.swift in Sources */ = {isa = PBXBuildFile; fileRef = 1E9D785F23E10B4F0020FAFE /* RootView.swift */; };
		1E9D786223E10B520020FAFE /* Assets.xcassets in Resources */ = {isa = PBXBuildFile; fileRef = 1E9D786123E10B520020FAFE /* Assets.xcassets */; };
		1E9D786523E10B520020FAFE /* Preview Assets.xcassets in Resources */ = {isa = PBXBuildFile; fileRef = 1E9D786423E10B520020FAFE /* Preview Assets.xcassets */; };
		1E9D786823E10B520020FAFE /* LaunchScreen.storyboard in Resources */ = {isa = PBXBuildFile; fileRef = 1E9D786623E10B520020FAFE /* LaunchScreen.storyboard */; };
		1E9D787323E10B520020FAFE /* Locations_AppTests.swift in Sources */ = {isa = PBXBuildFile; fileRef = 1E9D787223E10B520020FAFE /* Locations_AppTests.swift */; };
		1E9D787E23E10B520020FAFE /* Locations_AppUITests.swift in Sources */ = {isa = PBXBuildFile; fileRef = 1E9D787D23E10B520020FAFE /* Locations_AppUITests.swift */; };
		1E9D788C23E10C670020FAFE /* CoreLocationService.swift in Sources */ = {isa = PBXBuildFile; fileRef = 1E9D788B23E10C670020FAFE /* CoreLocationService.swift */; };
		1E9D789023E10DE60020FAFE /* CloudKit.framework in Frameworks */ = {isa = PBXBuildFile; fileRef = 1E9D788F23E10DE60020FAFE /* CloudKit.framework */; };
		1E9D789723E124030020FAFE /* CoreData.swift in Sources */ = {isa = PBXBuildFile; fileRef = 1E9D789623E124030020FAFE /* CoreData.swift */; };
		1E9D789C23E125610020FAFE /* Visit+CoreDataClass.swift in Sources */ = {isa = PBXBuildFile; fileRef = 1E9D789823E125610020FAFE /* Visit+CoreDataClass.swift */; };
		1E9D789D23E125610020FAFE /* Visit+CoreDataProperties.swift in Sources */ = {isa = PBXBuildFile; fileRef = 1E9D789923E125610020FAFE /* Visit+CoreDataProperties.swift */; };
		1E9D789E23E125610020FAFE /* Tag+CoreDataClass.swift in Sources */ = {isa = PBXBuildFile; fileRef = 1E9D789A23E125610020FAFE /* Tag+CoreDataClass.swift */; };
		1E9D789F23E125610020FAFE /* Tag+CoreDataProperties.swift in Sources */ = {isa = PBXBuildFile; fileRef = 1E9D789B23E125610020FAFE /* Tag+CoreDataProperties.swift */; };
		1E9D78A123E12BC80020FAFE /* ReversedGeoLocation.swift in Sources */ = {isa = PBXBuildFile; fileRef = 1E9D78A023E12BC80020FAFE /* ReversedGeoLocation.swift */; };
		1EB03D21240F4B34001146FF /* EnvironmentKey+AppTheme.swift in Sources */ = {isa = PBXBuildFile; fileRef = 1EB03D20240F4B34001146FF /* EnvironmentKey+AppTheme.swift */; };
		1EB03D25241027DB001146FF /* TransientSplashView.swift in Sources */ = {isa = PBXBuildFile; fileRef = 1EB03D24241027DB001146FF /* TransientSplashView.swift */; };
		1EB03D2724102955001146FF /* AppMapView.swift in Sources */ = {isa = PBXBuildFile; fileRef = 1EB03D2624102955001146FF /* AppMapView.swift */; };
		1EB424E32429C4C00035F43E /* RouteEditNotesView.swift in Sources */ = {isa = PBXBuildFile; fileRef = 1EB424E22429C4C00035F43E /* RouteEditNotesView.swift */; };
		1EB424E52429CFEA0035F43E /* RouteEditTagView.swift in Sources */ = {isa = PBXBuildFile; fileRef = 1EB424E42429CFEA0035F43E /* RouteEditTagView.swift */; };
		1EB424E92429D3500035F43E /* VisitOptionsView.swift in Sources */ = {isa = PBXBuildFile; fileRef = 1EB424E82429D3500035F43E /* VisitOptionsView.swift */; };
		1EB424EB2429D48A0035F43E /* ScaleFadeModifier.swift in Sources */ = {isa = PBXBuildFile; fileRef = 1EB424EA2429D48A0035F43E /* ScaleFadeModifier.swift */; };
		1EB865DF23F9D53F00A4B8E1 /* AutoResizingTextField.swift in Sources */ = {isa = PBXBuildFile; fileRef = 1EB865DE23F9D53F00A4B8E1 /* AutoResizingTextField.swift */; };
		1EB865E123F9E01400A4B8E1 /* UIApplication+Editing.swift in Sources */ = {isa = PBXBuildFile; fileRef = 1EB865E023F9E01400A4B8E1 /* UIApplication+Editing.swift */; };
		1EB865E423F9EC3C00A4B8E1 /* ScaleButtonStyle.swift in Sources */ = {isa = PBXBuildFile; fileRef = 1EB865E323F9EC3C00A4B8E1 /* ScaleButtonStyle.swift */; };
		1EC19125241FE32800089E8D /* RouteOverlayView.swift in Sources */ = {isa = PBXBuildFile; fileRef = 1EC19124241FE32800089E8D /* RouteOverlayView.swift */; };
		1EC1912C2420267800089E8D /* FavoriteButton.swift in Sources */ = {isa = PBXBuildFile; fileRef = 1EC1912B2420267800089E8D /* FavoriteButton.swift */; };
		1ED534FE24096B34009B11D3 /* profile.json in Resources */ = {isa = PBXBuildFile; fileRef = 1ED534FD24096B34009B11D3 /* profile.json */; };
		1ED5350024096D62009B11D3 /* LoginView.swift in Sources */ = {isa = PBXBuildFile; fileRef = 1ED534FF24096D62009B11D3 /* LoginView.swift */; };
		1ED53502240A1E7D009B11D3 /* ICloudLoginService.swift in Sources */ = {isa = PBXBuildFile; fileRef = 1ED53501240A1E7D009B11D3 /* ICloudLoginService.swift */; };
		1ED53505240A2BF4009B11D3 /* AccountKVS.swift in Sources */ = {isa = PBXBuildFile; fileRef = 1ED53504240A2BF4009B11D3 /* AccountKVS.swift */; };
		1ED53507240A2C32009B11D3 /* KeyNamespaceable.swift in Sources */ = {isa = PBXBuildFile; fileRef = 1ED53506240A2C32009B11D3 /* KeyNamespaceable.swift */; };
		1ED53509240A2C90009B11D3 /* ICloudKVS+Account.swift in Sources */ = {isa = PBXBuildFile; fileRef = 1ED53508240A2C90009B11D3 /* ICloudKVS+Account.swift */; };
		1ED5350F240A38B4009B11D3 /* walking.json in Resources */ = {isa = PBXBuildFile; fileRef = 1ED5350E240A38B4009B11D3 /* walking.json */; };
		1ED53513240A3AED009B11D3 /* humpingmonkey.json in Resources */ = {isa = PBXBuildFile; fileRef = 1ED53512240A3AEC009B11D3 /* humpingmonkey.json */; };
		1ED53516240A3AF3009B11D3 /* check3.json in Resources */ = {isa = PBXBuildFile; fileRef = 1ED53514240A3AF3009B11D3 /* check3.json */; };
		1ED53517240A3AF3009B11D3 /* check2.json in Resources */ = {isa = PBXBuildFile; fileRef = 1ED53515240A3AF3009B11D3 /* check2.json */; };
		1ED53519240A3C9A009B11D3 /* BlurView.swift in Sources */ = {isa = PBXBuildFile; fileRef = 1ED53518240A3C9A009B11D3 /* BlurView.swift */; };
		1ED5351B240AFD64009B11D3 /* loading.json in Resources */ = {isa = PBXBuildFile; fileRef = 1ED5351A240AFD64009B11D3 /* loading.json */; };
		1ED5351D240B06E3009B11D3 /* error.json in Resources */ = {isa = PBXBuildFile; fileRef = 1ED5351C240B06E3009B11D3 /* error.json */; };
		1ED5351F240B0A27009B11D3 /* LoginService.swift in Sources */ = {isa = PBXBuildFile; fileRef = 1ED5351E240B0A27009B11D3 /* LoginService.swift */; };
		1ED53521240B0A48009B11D3 /* LottieAlert.swift in Sources */ = {isa = PBXBuildFile; fileRef = 1ED53520240B0A48009B11D3 /* LottieAlert.swift */; };
		1ED53523240B0C01009B11D3 /* UserStore.swift in Sources */ = {isa = PBXBuildFile; fileRef = 1ED53522240B0C01009B11D3 /* UserStore.swift */; };
		1EDE74D5240B6721002A7C08 /* LocationService.swift in Sources */ = {isa = PBXBuildFile; fileRef = 1EDE74D4240B6721002A7C08 /* LocationService.swift */; };
		1EE2CF5323E7A5EC009760D6 /* UserLocationButton.swift in Sources */ = {isa = PBXBuildFile; fileRef = 1EE2CF5223E7A5EC009760D6 /* UserLocationButton.swift */; };
		1EE2CF5523E7CE4B009760D6 /* UIColor+CustomColors.swift in Sources */ = {isa = PBXBuildFile; fileRef = 1EE2CF5423E7CE4B009760D6 /* UIColor+CustomColors.swift */; };
		1EE2CF5923E7D2C2009760D6 /* CustomAnnotationView.swift in Sources */ = {isa = PBXBuildFile; fileRef = 1EE2CF5823E7D2C2009760D6 /* CustomAnnotationView.swift */; };
		1EF5BEC92425C3F800B34251 /* MapState.swift in Sources */ = {isa = PBXBuildFile; fileRef = 1EF5BEC82425C3F800B34251 /* MapState.swift */; };
		1EF5BECB2425D64300B34251 /* CenterIndicatorView.swift in Sources */ = {isa = PBXBuildFile; fileRef = 1EF5BECA2425D64300B34251 /* CenterIndicatorView.swift */; };
		1EF5BECD2425D7A600B34251 /* CLLocationCoordinate2D+Equatable.swift in Sources */ = {isa = PBXBuildFile; fileRef = 1EF5BECC2425D7A600B34251 /* CLLocationCoordinate2D+Equatable.swift */; };
		1EF5BED024282B7400B34251 /* TagCoreState.swift in Sources */ = {isa = PBXBuildFile; fileRef = 1EF5BECF24282B7400B34251 /* TagCoreState.swift */; };
		1EF5BED4242897F800B34251 /* TagHeader.swift in Sources */ = {isa = PBXBuildFile; fileRef = 1EF5BED3242897F800B34251 /* TagHeader.swift */; };
		1EF5BED624289B3E00B34251 /* TagSelectionList.swift in Sources */ = {isa = PBXBuildFile; fileRef = 1EF5BED524289B3E00B34251 /* TagSelectionList.swift */; };
		1EF5BED824289D5700B34251 /* TagOperationsView.swift in Sources */ = {isa = PBXBuildFile; fileRef = 1EF5BED724289D5700B34251 /* TagOperationsView.swift */; };
		1EF5BEDA24289DF900B34251 /* TransientAlertView.swift in Sources */ = {isa = PBXBuildFile; fileRef = 1EF5BED924289DF900B34251 /* TransientAlertView.swift */; };
		1EF5BEDD2428A1AF00B34251 /* TagProvider.swift in Sources */ = {isa = PBXBuildFile; fileRef = 1EF5BEDC2428A1AF00B34251 /* TagProvider.swift */; };
		1EF6227123FF21C400B28DCF /* Mapbox.framework in Frameworks */ = {isa = PBXBuildFile; fileRef = 1EF6227023FF21C400B28DCF /* Mapbox.framework */; };
		1EF6227223FF21C400B28DCF /* Mapbox.framework in Embed Frameworks */ = {isa = PBXBuildFile; fileRef = 1EF6227023FF21C400B28DCF /* Mapbox.framework */; settings = {ATTRIBUTES = (CodeSignOnCopy, RemoveHeadersOnCopy, ); }; };
		1EF6227423FF21C800B28DCF /* MapboxMobileEvents.framework in Frameworks */ = {isa = PBXBuildFile; fileRef = 1EF6227323FF21C800B28DCF /* MapboxMobileEvents.framework */; };
		1EF6227523FF21C800B28DCF /* MapboxMobileEvents.framework in Embed Frameworks */ = {isa = PBXBuildFile; fileRef = 1EF6227323FF21C800B28DCF /* MapboxMobileEvents.framework */; settings = {ATTRIBUTES = (CodeSignOnCopy, RemoveHeadersOnCopy, ); }; };
		1EFC8DC323E7238A00628251 /* StaticMapView.swift in Sources */ = {isa = PBXBuildFile; fileRef = 1EFC8DC223E7238A00628251 /* StaticMapView.swift */; };
		1EFE85CB240360490001D0C3 /* TagRow.swift in Sources */ = {isa = PBXBuildFile; fileRef = 1EFE85CA240360490001D0C3 /* TagRow.swift */; };
		1EFE85CE240377060001D0C3 /* Lottie in Frameworks */ = {isa = PBXBuildFile; productRef = 1EFE85CD240377060001D0C3 /* Lottie */; };
		1EFE85D0240377170001D0C3 /* LottieView.swift in Sources */ = {isa = PBXBuildFile; fileRef = 1EFE85CF240377170001D0C3 /* LottieView.swift */; };
		1EFE85D3240390770001D0C3 /* check1.json in Resources */ = {isa = PBXBuildFile; fileRef = 1EFE85D2240390770001D0C3 /* check1.json */; };
		1EFE9F4723FC225D00E94D67 /* MGLMapView+Default.swift in Sources */ = {isa = PBXBuildFile; fileRef = 1EFE9F4623FC225D00E94D67 /* MGLMapView+Default.swift */; };
		1EFF839523E49E0900FF04A1 /* DaySideBar.swift in Sources */ = {isa = PBXBuildFile; fileRef = 1EFF839423E49E0900FF04A1 /* DaySideBar.swift */; };
		1EFF839723E4A4F900FF04A1 /* MonthYearSideBar.swift in Sources */ = {isa = PBXBuildFile; fileRef = 1EFF839623E4A4F900FF04A1 /* MonthYearSideBar.swift */; };
		1EFF839B23E4BC9800FF04A1 /* Dictionary+Sort&Key.swift in Sources */ = {isa = PBXBuildFile; fileRef = 1EFF839A23E4BC9800FF04A1 /* Dictionary+Sort&Key.swift */; };
		1EFF839D23E4BF2F00FF04A1 /* DateComponents+Additions.swift in Sources */ = {isa = PBXBuildFile; fileRef = 1EFF839C23E4BF2F00FF04A1 /* DateComponents+Additions.swift */; };
		1EFF839F23E4CE7500FF04A1 /* DayPreviewBlock.swift in Sources */ = {isa = PBXBuildFile; fileRef = 1EFF839E23E4CE7500FF04A1 /* DayPreviewBlock.swift */; };
		1EFF83A323E4E27800FF04A1 /* RandomAccessCollection+Indexed.swift in Sources */ = {isa = PBXBuildFile; fileRef = 1EFF83A223E4E27800FF04A1 /* RandomAccessCollection+Indexed.swift */; };
		1EFF83A823E52B9000FF04A1 /* SizePreferenceKey.swift in Sources */ = {isa = PBXBuildFile; fileRef = 1EFF83A723E52B9000FF04A1 /* SizePreferenceKey.swift */; };
		1EFF83AB23E52BC700FF04A1 /* SizeModifier.swift in Sources */ = {isa = PBXBuildFile; fileRef = 1EFF83AA23E52BC700FF04A1 /* SizeModifier.swift */; };
		1EFF83AD23E52D5800FF04A1 /* View+Extensions.swift in Sources */ = {isa = PBXBuildFile; fileRef = 1EFF83AC23E52D5800FF04A1 /* View+Extensions.swift */; };
		1EFF83AF23E52E5900FF04A1 /* RotatedModifier.swift in Sources */ = {isa = PBXBuildFile; fileRef = 1EFF83AE23E52E5900FF04A1 /* RotatedModifier.swift */; };
		1EFF83B123E532FA00FF04A1 /* Array+Sort.swift in Sources */ = {isa = PBXBuildFile; fileRef = 1EFF83B023E532FA00FF04A1 /* Array+Sort.swift */; };
		1EFF83B323E5365E00FF04A1 /* H0Stack.swift in Sources */ = {isa = PBXBuildFile; fileRef = 1EFF83B223E5365E00FF04A1 /* H0Stack.swift */; };
		1EFF83B523E5368900FF04A1 /* V0Stack.swift in Sources */ = {isa = PBXBuildFile; fileRef = 1EFF83B423E5368900FF04A1 /* V0Stack.swift */; };
		1EFF83B723E53ACB00FF04A1 /* EdgeModifier.swift in Sources */ = {isa = PBXBuildFile; fileRef = 1EFF83B623E53ACB00FF04A1 /* EdgeModifier.swift */; };
		1EFF83B923E53BC200FF04A1 /* ScreenColor.swift in Sources */ = {isa = PBXBuildFile; fileRef = 1EFF83B823E53BC200FF04A1 /* ScreenColor.swift */; };
		1EFFA58623E89A3400914607 /* LocationAnnotation.swift in Sources */ = {isa = PBXBuildFile; fileRef = 1EFFA58523E89A3400914607 /* LocationAnnotation.swift */; };
		1EFFA58B23E8B1E700914607 /* Location+CoreDataClass.swift in Sources */ = {isa = PBXBuildFile; fileRef = 1EFFA58923E8B1E700914607 /* Location+CoreDataClass.swift */; };
		1EFFA58C23E8B1E700914607 /* Location+CoreDataProperties.swift in Sources */ = {isa = PBXBuildFile; fileRef = 1EFFA58A23E8B1E700914607 /* Location+CoreDataProperties.swift */; };
/* End PBXBuildFile section */

/* Begin PBXContainerItemProxy section */
		1E9D786F23E10B520020FAFE /* PBXContainerItemProxy */ = {
			isa = PBXContainerItemProxy;
			containerPortal = 1E9D784D23E10B4F0020FAFE /* Project object */;
			proxyType = 1;
			remoteGlobalIDString = 1E9D785423E10B4F0020FAFE;
			remoteInfo = "Locations App";
		};
		1E9D787A23E10B520020FAFE /* PBXContainerItemProxy */ = {
			isa = PBXContainerItemProxy;
			containerPortal = 1E9D784D23E10B4F0020FAFE /* Project object */;
			proxyType = 1;
			remoteGlobalIDString = 1E9D785423E10B4F0020FAFE;
			remoteInfo = "Locations App";
		};
/* End PBXContainerItemProxy section */

/* Begin PBXCopyFilesBuildPhase section */
		1EE2CF4D23E786AF009760D6 /* Embed Frameworks */ = {
			isa = PBXCopyFilesBuildPhase;
			buildActionMask = 2147483647;
			dstPath = "";
			dstSubfolderSpec = 10;
			files = (
				1EF6227523FF21C800B28DCF /* MapboxMobileEvents.framework in Embed Frameworks */,
				1EF6227223FF21C400B28DCF /* Mapbox.framework in Embed Frameworks */,
			);
			name = "Embed Frameworks";
			runOnlyForDeploymentPostprocessing = 0;
		};
/* End PBXCopyFilesBuildPhase section */

/* Begin PBXFileReference section */
		1E00E5702408AF9500B14C9F /* TagDetailsView.swift */ = {isa = PBXFileReference; lastKnownFileType = sourcecode.swift; path = TagDetailsView.swift; sourceTree = "<group>"; };
		1E00E5742408CC6200B14C9F /* SplashScreen.swift */ = {isa = PBXFileReference; lastKnownFileType = sourcecode.swift; path = SplashScreen.swift; sourceTree = "<group>"; };
		1E06D50F23FE21AE00467799 /* UIImage+Additions.swift */ = {isa = PBXFileReference; lastKnownFileType = sourcecode.swift; path = "UIImage+Additions.swift"; sourceTree = "<group>"; };
		1E0DB24C241F430D003944C5 /* AppState.swift */ = {isa = PBXFileReference; lastKnownFileType = sourcecode.swift; path = AppState.swift; sourceTree = "<group>"; };
		1E0F7C802402BD42001B033C /* VisitsHomeView.swift */ = {isa = PBXFileReference; lastKnownFileType = sourcecode.swift; path = VisitsHomeView.swift; sourceTree = "<group>"; };
		1E0F7C822402CC5B001B033C /* ExpanadableFAB.swift */ = {isa = PBXFileReference; lastKnownFileType = sourcecode.swift; path = ExpanadableFAB.swift; sourceTree = "<group>"; };
		1E125C44240D808100D0919E /* ColorAdaptiveVisitsView.swift */ = {isa = PBXFileReference; lastKnownFileType = sourcecode.swift; path = ColorAdaptiveVisitsView.swift; sourceTree = "<group>"; };
		1E125C46240D83F200D0919E /* RoundedModifier.swift */ = {isa = PBXFileReference; lastKnownFileType = sourcecode.swift; path = RoundedModifier.swift; sourceTree = "<group>"; };
		1E125C48240DA17700D0919E /* UIColor+Hex.swift */ = {isa = PBXFileReference; lastKnownFileType = sourcecode.swift; path = "UIColor+Hex.swift"; sourceTree = "<group>"; };
		1E125C4A240DA19B00D0919E /* UIColor+ToColor.swift */ = {isa = PBXFileReference; lastKnownFileType = sourcecode.swift; path = "UIColor+ToColor.swift"; sourceTree = "<group>"; };
		1E125C4C240DAA9900D0919E /* Array+Chunk.swift */ = {isa = PBXFileReference; lastKnownFileType = sourcecode.swift; path = "Array+Chunk.swift"; sourceTree = "<group>"; };
		1E125C4E240DAB0C00D0919E /* Date+DateComponents.swift */ = {isa = PBXFileReference; lastKnownFileType = sourcecode.swift; path = "Date+DateComponents.swift"; sourceTree = "<group>"; };
		1E125C51240DBA8F00D0919E /* ThemeColorService.swift */ = {isa = PBXFileReference; lastKnownFileType = sourcecode.swift; path = ThemeColorService.swift; sourceTree = "<group>"; };
		1E125C55240DEE7200D0919E /* ICloudThemeColorService.swift */ = {isa = PBXFileReference; lastKnownFileType = sourcecode.swift; path = ICloudThemeColorService.swift; sourceTree = "<group>"; };
		1E1D3DB523EF8B2500528241 /* VScroll.swift */ = {isa = PBXFileReference; lastKnownFileType = sourcecode.swift; path = VScroll.swift; sourceTree = "<group>"; };
		1E21F306240D60F400BC81DC /* ThemePickerView.swift */ = {isa = PBXFileReference; lastKnownFileType = sourcecode.swift; path = ThemePickerView.swift; sourceTree = "<group>"; };
		1E21F308240D617600BC81DC /* ScalingCircle.swift */ = {isa = PBXFileReference; lastKnownFileType = sourcecode.swift; path = ScalingCircle.swift; sourceTree = "<group>"; };
		1E21F30C240EC50700BC81DC /* DimensionalButton.swift */ = {isa = PBXFileReference; lastKnownFileType = sourcecode.swift; path = DimensionalButton.swift; sourceTree = "<group>"; };
		1E22BF5C23E2970500926030 /* Route.gpx */ = {isa = PBXFileReference; fileEncoding = 4; lastKnownFileType = text.xml; path = Route.gpx; sourceTree = "<group>"; };
		1E237EE52415F2E200CEE548 /* FilteredList.swift */ = {isa = PBXFileReference; lastKnownFileType = sourcecode.swift; path = FilteredList.swift; sourceTree = "<group>"; };
		1E24926F23EB52D200165280 /* ColorTextRow.swift */ = {isa = PBXFileReference; lastKnownFileType = sourcecode.swift; path = ColorTextRow.swift; sourceTree = "<group>"; };
		1E3237982418632500D370CD /* CloseRouteButton.swift */ = {isa = PBXFileReference; lastKnownFileType = sourcecode.swift; path = CloseRouteButton.swift; sourceTree = "<group>"; };
		1E3CD7EB2403254A00C95ABF /* LocationsListView.swift */ = {isa = PBXFileReference; lastKnownFileType = sourcecode.swift; path = LocationsListView.swift; sourceTree = "<group>"; };
		1E3F498E244BF1E300775F81 /* TagPreviewList.swift */ = {isa = PBXFileReference; lastKnownFileType = sourcecode.swift; path = TagPreviewList.swift; sourceTree = "<group>"; };
		1E3F4991244BF36A00775F81 /* TagContextMenu.swift */ = {isa = PBXFileReference; lastKnownFileType = sourcecode.swift; path = TagContextMenu.swift; sourceTree = "<group>"; };
		1E3F4993244C01D100775F81 /* TagCellConstants.swift */ = {isa = PBXFileReference; lastKnownFileType = sourcecode.swift; path = TagCellConstants.swift; sourceTree = "<group>"; };
		1E3FEB0C23E8CC7E000C4A0B /* EditTagView.swift */ = {isa = PBXFileReference; lastKnownFileType = sourcecode.swift; path = EditTagView.swift; sourceTree = "<group>"; };
		1E3FEB1023E8CFDE000C4A0B /* AppColors.swift */ = {isa = PBXFileReference; lastKnownFileType = sourcecode.swift; path = AppColors.swift; sourceTree = "<group>"; };
		1E4723222429D76B004FCF7D /* RouteTagHeader.swift */ = {isa = PBXFileReference; lastKnownFileType = sourcecode.swift; path = RouteTagHeader.swift; sourceTree = "<group>"; };
		1E558EDC2411FBE80087C5E3 /* AppView.swift */ = {isa = PBXFileReference; lastKnownFileType = sourcecode.swift; path = AppView.swift; sourceTree = "<group>"; };
		1E558EDE2411FD0C0087C5E3 /* SetupThemePickerView.swift */ = {isa = PBXFileReference; lastKnownFileType = sourcecode.swift; path = SetupThemePickerView.swift; sourceTree = "<group>"; };
		1E5AF45123E3CC0500A94F10 /* VisitsPreviewList.swift */ = {isa = PBXFileReference; lastKnownFileType = sourcecode.swift; path = VisitsPreviewList.swift; sourceTree = "<group>"; };
		1E5AF45323E3CCCA00A94F10 /* VisitPreviewCell.swift */ = {isa = PBXFileReference; lastKnownFileType = sourcecode.swift; path = VisitPreviewCell.swift; sourceTree = "<group>"; };
		1E5AF45523E3E25E00A94F10 /* Formatter+DateFormatter.swift */ = {isa = PBXFileReference; lastKnownFileType = sourcecode.swift; path = "Formatter+DateFormatter.swift"; sourceTree = "<group>"; };
		1E5AF45723E3E2E500A94F10 /* Date+ToString.swift */ = {isa = PBXFileReference; lastKnownFileType = sourcecode.swift; path = "Date+ToString.swift"; sourceTree = "<group>"; };
		1E5B271824392794000E0054 /* RouteEditNotesHeader.swift */ = {isa = PBXFileReference; lastKnownFileType = sourcecode.swift; path = RouteEditNotesHeader.swift; sourceTree = "<group>"; };
		1E5DBEA623E9C6A000C86641 /* DisableModifier.swift */ = {isa = PBXFileReference; lastKnownFileType = sourcecode.swift; path = DisableModifier.swift; sourceTree = "<group>"; };
		1E5DBEA823E9C7A100C86641 /* OpacityModifier.swift */ = {isa = PBXFileReference; lastKnownFileType = sourcecode.swift; path = OpacityModifier.swift; sourceTree = "<group>"; };
		1E6D568623E5ED5B0044AB3A /* VisitDetailsView.swift */ = {isa = PBXFileReference; lastKnownFileType = sourcecode.swift; path = VisitDetailsView.swift; sourceTree = "<group>"; };
		1E6D568823E5EEB20044AB3A /* TagView.swift */ = {isa = PBXFileReference; lastKnownFileType = sourcecode.swift; path = TagView.swift; sourceTree = "<group>"; };
		1E6D568A23E5F6F10044AB3A /* BImage.swift */ = {isa = PBXFileReference; lastKnownFileType = sourcecode.swift; path = BImage.swift; sourceTree = "<group>"; };
		1E6D568C23E5FEAC0044AB3A /* DayLabel.swift */ = {isa = PBXFileReference; lastKnownFileType = sourcecode.swift; path = DayLabel.swift; sourceTree = "<group>"; };
		1E6D569323E653990044AB3A /* VSpace.swift */ = {isa = PBXFileReference; lastKnownFileType = sourcecode.swift; path = VSpace.swift; sourceTree = "<group>"; };
		1E726FF82402FB82002FC8DB /* TagsListView.swift */ = {isa = PBXFileReference; lastKnownFileType = sourcecode.swift; path = TagsListView.swift; sourceTree = "<group>"; };
		1E7B618E23E284C600F9F974 /* MapView.swift */ = {isa = PBXFileReference; lastKnownFileType = sourcecode.swift; path = MapView.swift; sourceTree = "<group>"; };
		1E80278E23E5E9AC0043D119 /* VisitsForDayView.swift */ = {isa = PBXFileReference; lastKnownFileType = sourcecode.swift; path = VisitsForDayView.swift; sourceTree = "<group>"; };
		1E8909CD23F880070008500E /* VisitCellConstants.swift */ = {isa = PBXFileReference; lastKnownFileType = sourcecode.swift; path = VisitCellConstants.swift; sourceTree = "<group>"; };
		1E97274123EB57AE006528ED /* LocationVisitsView.swift */ = {isa = PBXFileReference; lastKnownFileType = sourcecode.swift; path = LocationVisitsView.swift; sourceTree = "<group>"; };
		1E9D785523E10B4F0020FAFE /* Locations App.app */ = {isa = PBXFileReference; explicitFileType = wrapper.application; includeInIndex = 0; path = "Locations App.app"; sourceTree = BUILT_PRODUCTS_DIR; };
		1E9D785823E10B4F0020FAFE /* AppDelegate.swift */ = {isa = PBXFileReference; lastKnownFileType = sourcecode.swift; path = AppDelegate.swift; sourceTree = "<group>"; };
		1E9D785A23E10B4F0020FAFE /* SceneDelegate.swift */ = {isa = PBXFileReference; lastKnownFileType = sourcecode.swift; path = SceneDelegate.swift; sourceTree = "<group>"; };
		1E9D785D23E10B4F0020FAFE /* Locations_App.xcdatamodel */ = {isa = PBXFileReference; lastKnownFileType = wrapper.xcdatamodel; path = Locations_App.xcdatamodel; sourceTree = "<group>"; };
		1E9D785F23E10B4F0020FAFE /* RootView.swift */ = {isa = PBXFileReference; lastKnownFileType = sourcecode.swift; path = RootView.swift; sourceTree = "<group>"; };
		1E9D786123E10B520020FAFE /* Assets.xcassets */ = {isa = PBXFileReference; lastKnownFileType = folder.assetcatalog; path = Assets.xcassets; sourceTree = "<group>"; };
		1E9D786423E10B520020FAFE /* Preview Assets.xcassets */ = {isa = PBXFileReference; lastKnownFileType = folder.assetcatalog; path = "Preview Assets.xcassets"; sourceTree = "<group>"; };
		1E9D786723E10B520020FAFE /* Base */ = {isa = PBXFileReference; lastKnownFileType = file.storyboard; name = Base; path = Base.lproj/LaunchScreen.storyboard; sourceTree = "<group>"; };
		1E9D786923E10B520020FAFE /* Info.plist */ = {isa = PBXFileReference; lastKnownFileType = text.plist.xml; path = Info.plist; sourceTree = "<group>"; };
		1E9D786E23E10B520020FAFE /* Locations AppTests.xctest */ = {isa = PBXFileReference; explicitFileType = wrapper.cfbundle; includeInIndex = 0; path = "Locations AppTests.xctest"; sourceTree = BUILT_PRODUCTS_DIR; };
		1E9D787223E10B520020FAFE /* Locations_AppTests.swift */ = {isa = PBXFileReference; lastKnownFileType = sourcecode.swift; path = Locations_AppTests.swift; sourceTree = "<group>"; };
		1E9D787423E10B520020FAFE /* Info.plist */ = {isa = PBXFileReference; lastKnownFileType = text.plist.xml; path = Info.plist; sourceTree = "<group>"; };
		1E9D787923E10B520020FAFE /* Locations AppUITests.xctest */ = {isa = PBXFileReference; explicitFileType = wrapper.cfbundle; includeInIndex = 0; path = "Locations AppUITests.xctest"; sourceTree = BUILT_PRODUCTS_DIR; };
		1E9D787D23E10B520020FAFE /* Locations_AppUITests.swift */ = {isa = PBXFileReference; lastKnownFileType = sourcecode.swift; path = Locations_AppUITests.swift; sourceTree = "<group>"; };
		1E9D787F23E10B520020FAFE /* Info.plist */ = {isa = PBXFileReference; lastKnownFileType = text.plist.xml; path = Info.plist; sourceTree = "<group>"; };
		1E9D788B23E10C670020FAFE /* CoreLocationService.swift */ = {isa = PBXFileReference; lastKnownFileType = sourcecode.swift; path = CoreLocationService.swift; sourceTree = "<group>"; };
		1E9D788D23E10DE30020FAFE /* Locations App.entitlements */ = {isa = PBXFileReference; lastKnownFileType = text.plist.entitlements; path = "Locations App.entitlements"; sourceTree = "<group>"; };
		1E9D788F23E10DE60020FAFE /* CloudKit.framework */ = {isa = PBXFileReference; lastKnownFileType = wrapper.framework; name = CloudKit.framework; path = System/Library/Frameworks/CloudKit.framework; sourceTree = SDKROOT; };
		1E9D789623E124030020FAFE /* CoreData.swift */ = {isa = PBXFileReference; lastKnownFileType = sourcecode.swift; path = CoreData.swift; sourceTree = "<group>"; };
		1E9D789823E125610020FAFE /* Visit+CoreDataClass.swift */ = {isa = PBXFileReference; lastKnownFileType = sourcecode.swift; path = "Visit+CoreDataClass.swift"; sourceTree = "<group>"; };
		1E9D789923E125610020FAFE /* Visit+CoreDataProperties.swift */ = {isa = PBXFileReference; lastKnownFileType = sourcecode.swift; path = "Visit+CoreDataProperties.swift"; sourceTree = "<group>"; };
		1E9D789A23E125610020FAFE /* Tag+CoreDataClass.swift */ = {isa = PBXFileReference; lastKnownFileType = sourcecode.swift; path = "Tag+CoreDataClass.swift"; sourceTree = "<group>"; };
		1E9D789B23E125610020FAFE /* Tag+CoreDataProperties.swift */ = {isa = PBXFileReference; lastKnownFileType = sourcecode.swift; path = "Tag+CoreDataProperties.swift"; sourceTree = "<group>"; };
		1E9D78A023E12BC80020FAFE /* ReversedGeoLocation.swift */ = {isa = PBXFileReference; lastKnownFileType = sourcecode.swift; path = ReversedGeoLocation.swift; sourceTree = "<group>"; };
		1EB03D20240F4B34001146FF /* EnvironmentKey+AppTheme.swift */ = {isa = PBXFileReference; lastKnownFileType = sourcecode.swift; path = "EnvironmentKey+AppTheme.swift"; sourceTree = "<group>"; };
		1EB03D24241027DB001146FF /* TransientSplashView.swift */ = {isa = PBXFileReference; lastKnownFileType = sourcecode.swift; path = TransientSplashView.swift; sourceTree = "<group>"; };
		1EB03D2624102955001146FF /* AppMapView.swift */ = {isa = PBXFileReference; lastKnownFileType = sourcecode.swift; path = AppMapView.swift; sourceTree = "<group>"; };
		1EB424E22429C4C00035F43E /* RouteEditNotesView.swift */ = {isa = PBXFileReference; lastKnownFileType = sourcecode.swift; path = RouteEditNotesView.swift; sourceTree = "<group>"; };
		1EB424E42429CFEA0035F43E /* RouteEditTagView.swift */ = {isa = PBXFileReference; lastKnownFileType = sourcecode.swift; path = RouteEditTagView.swift; sourceTree = "<group>"; };
		1EB424E82429D3500035F43E /* VisitOptionsView.swift */ = {isa = PBXFileReference; lastKnownFileType = sourcecode.swift; path = VisitOptionsView.swift; sourceTree = "<group>"; };
		1EB424EA2429D48A0035F43E /* ScaleFadeModifier.swift */ = {isa = PBXFileReference; lastKnownFileType = sourcecode.swift; path = ScaleFadeModifier.swift; sourceTree = "<group>"; };
		1EB865DE23F9D53F00A4B8E1 /* AutoResizingTextField.swift */ = {isa = PBXFileReference; lastKnownFileType = sourcecode.swift; path = AutoResizingTextField.swift; sourceTree = "<group>"; };
		1EB865E023F9E01400A4B8E1 /* UIApplication+Editing.swift */ = {isa = PBXFileReference; lastKnownFileType = sourcecode.swift; path = "UIApplication+Editing.swift"; sourceTree = "<group>"; };
		1EB865E323F9EC3C00A4B8E1 /* ScaleButtonStyle.swift */ = {isa = PBXFileReference; lastKnownFileType = sourcecode.swift; path = ScaleButtonStyle.swift; sourceTree = "<group>"; };
		1EC19124241FE32800089E8D /* RouteOverlayView.swift */ = {isa = PBXFileReference; lastKnownFileType = sourcecode.swift; path = RouteOverlayView.swift; sourceTree = "<group>"; };
		1EC1912B2420267800089E8D /* FavoriteButton.swift */ = {isa = PBXFileReference; lastKnownFileType = sourcecode.swift; path = FavoriteButton.swift; sourceTree = "<group>"; };
		1ED534FD24096B34009B11D3 /* profile.json */ = {isa = PBXFileReference; fileEncoding = 4; lastKnownFileType = text.json; path = profile.json; sourceTree = "<group>"; };
		1ED534FF24096D62009B11D3 /* LoginView.swift */ = {isa = PBXFileReference; lastKnownFileType = sourcecode.swift; path = LoginView.swift; sourceTree = "<group>"; };
		1ED53501240A1E7D009B11D3 /* ICloudLoginService.swift */ = {isa = PBXFileReference; lastKnownFileType = sourcecode.swift; path = ICloudLoginService.swift; sourceTree = "<group>"; };
		1ED53504240A2BF4009B11D3 /* AccountKVS.swift */ = {isa = PBXFileReference; lastKnownFileType = sourcecode.swift; path = AccountKVS.swift; sourceTree = "<group>"; };
		1ED53506240A2C32009B11D3 /* KeyNamespaceable.swift */ = {isa = PBXFileReference; lastKnownFileType = sourcecode.swift; path = KeyNamespaceable.swift; sourceTree = "<group>"; };
		1ED53508240A2C90009B11D3 /* ICloudKVS+Account.swift */ = {isa = PBXFileReference; lastKnownFileType = sourcecode.swift; path = "ICloudKVS+Account.swift"; sourceTree = "<group>"; };
		1ED5350E240A38B4009B11D3 /* walking.json */ = {isa = PBXFileReference; fileEncoding = 4; lastKnownFileType = text.json; path = walking.json; sourceTree = "<group>"; };
		1ED53512240A3AEC009B11D3 /* humpingmonkey.json */ = {isa = PBXFileReference; fileEncoding = 4; lastKnownFileType = text.json; path = humpingmonkey.json; sourceTree = "<group>"; };
		1ED53514240A3AF3009B11D3 /* check3.json */ = {isa = PBXFileReference; fileEncoding = 4; lastKnownFileType = text.json; path = check3.json; sourceTree = "<group>"; };
		1ED53515240A3AF3009B11D3 /* check2.json */ = {isa = PBXFileReference; fileEncoding = 4; lastKnownFileType = text.json; path = check2.json; sourceTree = "<group>"; };
		1ED53518240A3C9A009B11D3 /* BlurView.swift */ = {isa = PBXFileReference; fileEncoding = 4; lastKnownFileType = sourcecode.swift; path = BlurView.swift; sourceTree = "<group>"; };
		1ED5351A240AFD64009B11D3 /* loading.json */ = {isa = PBXFileReference; fileEncoding = 4; lastKnownFileType = text.json; path = loading.json; sourceTree = "<group>"; };
		1ED5351C240B06E3009B11D3 /* error.json */ = {isa = PBXFileReference; fileEncoding = 4; lastKnownFileType = text.json; path = error.json; sourceTree = "<group>"; };
		1ED5351E240B0A27009B11D3 /* LoginService.swift */ = {isa = PBXFileReference; lastKnownFileType = sourcecode.swift; path = LoginService.swift; sourceTree = "<group>"; };
		1ED53520240B0A48009B11D3 /* LottieAlert.swift */ = {isa = PBXFileReference; lastKnownFileType = sourcecode.swift; path = LottieAlert.swift; sourceTree = "<group>"; };
		1ED53522240B0C01009B11D3 /* UserStore.swift */ = {isa = PBXFileReference; lastKnownFileType = sourcecode.swift; path = UserStore.swift; sourceTree = "<group>"; };
		1EDE74D4240B6721002A7C08 /* LocationService.swift */ = {isa = PBXFileReference; lastKnownFileType = sourcecode.swift; path = LocationService.swift; sourceTree = "<group>"; };
		1EE2CF5223E7A5EC009760D6 /* UserLocationButton.swift */ = {isa = PBXFileReference; lastKnownFileType = sourcecode.swift; path = UserLocationButton.swift; sourceTree = "<group>"; };
		1EE2CF5423E7CE4B009760D6 /* UIColor+CustomColors.swift */ = {isa = PBXFileReference; lastKnownFileType = sourcecode.swift; path = "UIColor+CustomColors.swift"; sourceTree = "<group>"; };
		1EE2CF5823E7D2C2009760D6 /* CustomAnnotationView.swift */ = {isa = PBXFileReference; lastKnownFileType = sourcecode.swift; path = CustomAnnotationView.swift; sourceTree = "<group>"; };
		1EF5BEC82425C3F800B34251 /* MapState.swift */ = {isa = PBXFileReference; lastKnownFileType = sourcecode.swift; path = MapState.swift; sourceTree = "<group>"; };
		1EF5BECA2425D64300B34251 /* CenterIndicatorView.swift */ = {isa = PBXFileReference; lastKnownFileType = sourcecode.swift; path = CenterIndicatorView.swift; sourceTree = "<group>"; };
		1EF5BECC2425D7A600B34251 /* CLLocationCoordinate2D+Equatable.swift */ = {isa = PBXFileReference; lastKnownFileType = sourcecode.swift; path = "CLLocationCoordinate2D+Equatable.swift"; sourceTree = "<group>"; };
		1EF5BECF24282B7400B34251 /* TagCoreState.swift */ = {isa = PBXFileReference; lastKnownFileType = sourcecode.swift; path = TagCoreState.swift; sourceTree = "<group>"; };
		1EF5BED3242897F800B34251 /* TagHeader.swift */ = {isa = PBXFileReference; lastKnownFileType = sourcecode.swift; path = TagHeader.swift; sourceTree = "<group>"; };
		1EF5BED524289B3E00B34251 /* TagSelectionList.swift */ = {isa = PBXFileReference; lastKnownFileType = sourcecode.swift; path = TagSelectionList.swift; sourceTree = "<group>"; };
		1EF5BED724289D5700B34251 /* TagOperationsView.swift */ = {isa = PBXFileReference; lastKnownFileType = sourcecode.swift; path = TagOperationsView.swift; sourceTree = "<group>"; };
		1EF5BED924289DF900B34251 /* TransientAlertView.swift */ = {isa = PBXFileReference; lastKnownFileType = sourcecode.swift; path = TransientAlertView.swift; sourceTree = "<group>"; };
		1EF5BEDC2428A1AF00B34251 /* TagProvider.swift */ = {isa = PBXFileReference; lastKnownFileType = sourcecode.swift; path = TagProvider.swift; sourceTree = "<group>"; };
		1EF6227023FF21C400B28DCF /* Mapbox.framework */ = {isa = PBXFileReference; lastKnownFileType = wrapper.framework; name = Mapbox.framework; path = Carthage/Build/iOS/Mapbox.framework; sourceTree = "<group>"; };
		1EF6227323FF21C800B28DCF /* MapboxMobileEvents.framework */ = {isa = PBXFileReference; lastKnownFileType = wrapper.framework; name = MapboxMobileEvents.framework; path = Carthage/Build/iOS/MapboxMobileEvents.framework; sourceTree = "<group>"; };
		1EFC8DC223E7238A00628251 /* StaticMapView.swift */ = {isa = PBXFileReference; lastKnownFileType = sourcecode.swift; path = StaticMapView.swift; sourceTree = "<group>"; };
		1EFE85CA240360490001D0C3 /* TagRow.swift */ = {isa = PBXFileReference; lastKnownFileType = sourcecode.swift; path = TagRow.swift; sourceTree = "<group>"; };
		1EFE85CF240377170001D0C3 /* LottieView.swift */ = {isa = PBXFileReference; lastKnownFileType = sourcecode.swift; path = LottieView.swift; sourceTree = "<group>"; };
		1EFE85D2240390770001D0C3 /* check1.json */ = {isa = PBXFileReference; fileEncoding = 4; lastKnownFileType = text.json; path = check1.json; sourceTree = "<group>"; };
		1EFE9F4623FC225D00E94D67 /* MGLMapView+Default.swift */ = {isa = PBXFileReference; lastKnownFileType = sourcecode.swift; path = "MGLMapView+Default.swift"; sourceTree = "<group>"; };
		1EFF839423E49E0900FF04A1 /* DaySideBar.swift */ = {isa = PBXFileReference; lastKnownFileType = sourcecode.swift; path = DaySideBar.swift; sourceTree = "<group>"; };
		1EFF839623E4A4F900FF04A1 /* MonthYearSideBar.swift */ = {isa = PBXFileReference; lastKnownFileType = sourcecode.swift; path = MonthYearSideBar.swift; sourceTree = "<group>"; };
		1EFF839A23E4BC9800FF04A1 /* Dictionary+Sort&Key.swift */ = {isa = PBXFileReference; lastKnownFileType = sourcecode.swift; path = "Dictionary+Sort&Key.swift"; sourceTree = "<group>"; };
		1EFF839C23E4BF2F00FF04A1 /* DateComponents+Additions.swift */ = {isa = PBXFileReference; lastKnownFileType = sourcecode.swift; path = "DateComponents+Additions.swift"; sourceTree = "<group>"; };
		1EFF839E23E4CE7500FF04A1 /* DayPreviewBlock.swift */ = {isa = PBXFileReference; lastKnownFileType = sourcecode.swift; path = DayPreviewBlock.swift; sourceTree = "<group>"; };
		1EFF83A223E4E27800FF04A1 /* RandomAccessCollection+Indexed.swift */ = {isa = PBXFileReference; lastKnownFileType = sourcecode.swift; path = "RandomAccessCollection+Indexed.swift"; sourceTree = "<group>"; };
		1EFF83A723E52B9000FF04A1 /* SizePreferenceKey.swift */ = {isa = PBXFileReference; lastKnownFileType = sourcecode.swift; path = SizePreferenceKey.swift; sourceTree = "<group>"; };
		1EFF83AA23E52BC700FF04A1 /* SizeModifier.swift */ = {isa = PBXFileReference; lastKnownFileType = sourcecode.swift; path = SizeModifier.swift; sourceTree = "<group>"; };
		1EFF83AC23E52D5800FF04A1 /* View+Extensions.swift */ = {isa = PBXFileReference; lastKnownFileType = sourcecode.swift; path = "View+Extensions.swift"; sourceTree = "<group>"; };
		1EFF83AE23E52E5900FF04A1 /* RotatedModifier.swift */ = {isa = PBXFileReference; lastKnownFileType = sourcecode.swift; path = RotatedModifier.swift; sourceTree = "<group>"; };
		1EFF83B023E532FA00FF04A1 /* Array+Sort.swift */ = {isa = PBXFileReference; lastKnownFileType = sourcecode.swift; path = "Array+Sort.swift"; sourceTree = "<group>"; };
		1EFF83B223E5365E00FF04A1 /* H0Stack.swift */ = {isa = PBXFileReference; lastKnownFileType = sourcecode.swift; path = H0Stack.swift; sourceTree = "<group>"; };
		1EFF83B423E5368900FF04A1 /* V0Stack.swift */ = {isa = PBXFileReference; lastKnownFileType = sourcecode.swift; path = V0Stack.swift; sourceTree = "<group>"; };
		1EFF83B623E53ACB00FF04A1 /* EdgeModifier.swift */ = {isa = PBXFileReference; lastKnownFileType = sourcecode.swift; path = EdgeModifier.swift; sourceTree = "<group>"; };
		1EFF83B823E53BC200FF04A1 /* ScreenColor.swift */ = {isa = PBXFileReference; lastKnownFileType = sourcecode.swift; path = ScreenColor.swift; sourceTree = "<group>"; };
		1EFFA58523E89A3400914607 /* LocationAnnotation.swift */ = {isa = PBXFileReference; lastKnownFileType = sourcecode.swift; path = LocationAnnotation.swift; sourceTree = "<group>"; };
		1EFFA58923E8B1E700914607 /* Location+CoreDataClass.swift */ = {isa = PBXFileReference; lastKnownFileType = sourcecode.swift; path = "Location+CoreDataClass.swift"; sourceTree = "<group>"; };
		1EFFA58A23E8B1E700914607 /* Location+CoreDataProperties.swift */ = {isa = PBXFileReference; lastKnownFileType = sourcecode.swift; path = "Location+CoreDataProperties.swift"; sourceTree = "<group>"; };
/* End PBXFileReference section */

/* Begin PBXFrameworksBuildPhase section */
		1E9D785223E10B4F0020FAFE /* Frameworks */ = {
			isa = PBXFrameworksBuildPhase;
			buildActionMask = 2147483647;
			files = (
				1E4879F3243AED1300048816 /* IQKeyboardManagerSwift in Frameworks */,
				1EF6227423FF21C800B28DCF /* MapboxMobileEvents.framework in Frameworks */,
				1E9D789023E10DE60020FAFE /* CloudKit.framework in Frameworks */,
				1EF6227123FF21C400B28DCF /* Mapbox.framework in Frameworks */,
				1EFE85CE240377060001D0C3 /* Lottie in Frameworks */,
			);
			runOnlyForDeploymentPostprocessing = 0;
		};
		1E9D786B23E10B520020FAFE /* Frameworks */ = {
			isa = PBXFrameworksBuildPhase;
			buildActionMask = 2147483647;
			files = (
			);
			runOnlyForDeploymentPostprocessing = 0;
		};
		1E9D787623E10B520020FAFE /* Frameworks */ = {
			isa = PBXFrameworksBuildPhase;
			buildActionMask = 2147483647;
			files = (
			);
			runOnlyForDeploymentPostprocessing = 0;
		};
/* End PBXFrameworksBuildPhase section */

/* Begin PBXGroup section */
		1E0F7C7F2402BD11001B033C /* Visits Home View */ = {
			isa = PBXGroup;
			children = (
				1E0F7C802402BD42001B033C /* VisitsHomeView.swift */,
				1E24927223EB542200165280 /* Visits */,
				1E726FF72402FA67002FC8DB /* Tags */,
				1E3CD7EA2403253600C95ABF /* Locations */,
			);
			path = "Visits Home View";
			sourceTree = "<group>";
		};
		1E125C50240DBA6B00D0919E /* Theme Color */ = {
			isa = PBXGroup;
			children = (
				1E125C51240DBA8F00D0919E /* ThemeColorService.swift */,
				1E125C55240DEE7200D0919E /* ICloudThemeColorService.swift */,
			);
			path = "Theme Color";
			sourceTree = "<group>";
		};
		1E21F305240D60D100BC81DC /* Theme Picker */ = {
			isa = PBXGroup;
			children = (
				1E558EDE2411FD0C0087C5E3 /* SetupThemePickerView.swift */,
				1E21F306240D60F400BC81DC /* ThemePickerView.swift */,
				1E21F308240D617600BC81DC /* ScalingCircle.swift */,
				1E125C44240D808100D0919E /* ColorAdaptiveVisitsView.swift */,
			);
			path = "Theme Picker";
			sourceTree = "<group>";
		};
		1E237EE42415F2D400CEE548 /* List */ = {
			isa = PBXGroup;
			children = (
				1E237EE52415F2E200CEE548 /* FilteredList.swift */,
			);
			path = List;
			sourceTree = "<group>";
		};
		1E243288240B722500E983E7 /* Layouts */ = {
			isa = PBXGroup;
			children = (
				1EFF83B223E5365E00FF04A1 /* H0Stack.swift */,
				1EFF83B423E5368900FF04A1 /* V0Stack.swift */,
				1E1D3DB523EF8B2500528241 /* VScroll.swift */,
				1E6D569323E653990044AB3A /* VSpace.swift */,
			);
			path = Layouts;
			sourceTree = "<group>";
		};
		1E243289240B72C800E983E7 /* Views */ = {
			isa = PBXGroup;
			children = (
				1ED53518240A3C9A009B11D3 /* BlurView.swift */,
				1EE2CF5823E7D2C2009760D6 /* CustomAnnotationView.swift */,
				1EFE85CF240377170001D0C3 /* LottieView.swift */,
				1E6D568823E5EEB20044AB3A /* TagView.swift */,
			);
			path = Views;
			sourceTree = "<group>";
		};
		1E24328A240B72F000E983E7 /* Buttons */ = {
			isa = PBXGroup;
			children = (
				1E6D568A23E5F6F10044AB3A /* BImage.swift */,
				1E0F7C822402CC5B001B033C /* ExpanadableFAB.swift */,
				1E21F30C240EC50700BC81DC /* DimensionalButton.swift */,
				1EC1912B2420267800089E8D /* FavoriteButton.swift */,
			);
			path = Buttons;
			sourceTree = "<group>";
		};
		1E24328B240B732400E983E7 /* Colors */ = {
			isa = PBXGroup;
			children = (
				1EFF83B823E53BC200FF04A1 /* ScreenColor.swift */,
			);
			path = Colors;
			sourceTree = "<group>";
		};
		1E24328C240B733000E983E7 /* TextField */ = {
			isa = PBXGroup;
			children = (
				1EB865DE23F9D53F00A4B8E1 /* AutoResizingTextField.swift */,
			);
			path = TextField;
			sourceTree = "<group>";
		};
		1E24328D240B739200E983E7 /* Visit */ = {
			isa = PBXGroup;
			children = (
				1E8909CD23F880070008500E /* VisitCellConstants.swift */,
			);
			path = Visit;
			sourceTree = "<group>";
		};
		1E24328E240B73C100E983E7 /* Location */ = {
			isa = PBXGroup;
			children = (
				1EFFA58523E89A3400914607 /* LocationAnnotation.swift */,
				1E9D78A023E12BC80020FAFE /* ReversedGeoLocation.swift */,
			);
			path = Location;
			sourceTree = "<group>";
		};
		1E24328F240B73D300E983E7 /* Colors */ = {
			isa = PBXGroup;
			children = (
				1E3FEB1023E8CFDE000C4A0B /* AppColors.swift */,
			);
			path = Colors;
			sourceTree = "<group>";
		};
		1E243290240B742E00E983E7 /* Splash */ = {
			isa = PBXGroup;
			children = (
				1EB03D24241027DB001146FF /* TransientSplashView.swift */,
				1E00E5742408CC6200B14C9F /* SplashScreen.swift */,
			);
			path = Splash;
			sourceTree = "<group>";
		};
		1E24927123EB53DA00165280 /* Map */ = {
			isa = PBXGroup;
			children = (
				1EB03D2624102955001146FF /* AppMapView.swift */,
				1E7B618E23E284C600F9F974 /* MapView.swift */,
				1EE2CF5223E7A5EC009760D6 /* UserLocationButton.swift */,
				1EB424E62429D3100035F43E /* Route */,
				1E24927323EB54A600165280 /* Edit Tag */,
				1E97274023EB5796006528ED /* Location Visits */,
			);
			path = Map;
			sourceTree = "<group>";
		};
		1E24927223EB542200165280 /* Visits */ = {
			isa = PBXGroup;
			children = (
				1E5AF45123E3CC0500A94F10 /* VisitsPreviewList.swift */,
				1E24927623EB558800165280 /* Components */,
				1E80279223E5EAA40043D119 /* Day Details */,
			);
			path = Visits;
			sourceTree = "<group>";
		};
		1E24927323EB54A600165280 /* Edit Tag */ = {
			isa = PBXGroup;
			children = (
				1E3FEB0C23E8CC7E000C4A0B /* EditTagView.swift */,
				1E24927423EB554500165280 /* Components */,
			);
			path = "Edit Tag";
			sourceTree = "<group>";
		};
		1E24927423EB554500165280 /* Components */ = {
			isa = PBXGroup;
			children = (
				1E24926F23EB52D200165280 /* ColorTextRow.swift */,
				1EFE85CA240360490001D0C3 /* TagRow.swift */,
				1EF5BED3242897F800B34251 /* TagHeader.swift */,
				1EF5BED524289B3E00B34251 /* TagSelectionList.swift */,
				1EF5BED724289D5700B34251 /* TagOperationsView.swift */,
				1EF5BED924289DF900B34251 /* TransientAlertView.swift */,
			);
			path = Components;
			sourceTree = "<group>";
		};
		1E24927523EB557E00165280 /* Components */ = {
			isa = PBXGroup;
			children = (
				1E6D568C23E5FEAC0044AB3A /* DayLabel.swift */,
				1E6D568623E5ED5B0044AB3A /* VisitDetailsView.swift */,
				1EFC8DC223E7238A00628251 /* StaticMapView.swift */,
			);
			path = Components;
			sourceTree = "<group>";
		};
		1E24927623EB558800165280 /* Components */ = {
			isa = PBXGroup;
			children = (
				1EFF839E23E4CE7500FF04A1 /* DayPreviewBlock.swift */,
				1E5AF45323E3CCCA00A94F10 /* VisitPreviewCell.swift */,
				1EFF839423E49E0900FF04A1 /* DaySideBar.swift */,
				1EFF839623E4A4F900FF04A1 /* MonthYearSideBar.swift */,
			);
			path = Components;
			sourceTree = "<group>";
		};
		1E3CD7EA2403253600C95ABF /* Locations */ = {
			isa = PBXGroup;
			children = (
				1E3CD7EB2403254A00C95ABF /* LocationsListView.swift */,
			);
			path = Locations;
			sourceTree = "<group>";
		};
		1E3F4990244BF36000775F81 /* Context Menus */ = {
			isa = PBXGroup;
			children = (
				1E3F4991244BF36A00775F81 /* TagContextMenu.swift */,
			);
			path = "Context Menus";
			sourceTree = "<group>";
		};
		1E52B0B2240B100900E4C693 /* KVS */ = {
			isa = PBXGroup;
			children = (
				1ED53504240A2BF4009B11D3 /* AccountKVS.swift */,
				1ED53508240A2C90009B11D3 /* ICloudKVS+Account.swift */,
				1ED53506240A2C32009B11D3 /* KeyNamespaceable.swift */,
			);
			path = KVS;
			sourceTree = "<group>";
		};
		1E52B0B3240B101700E4C693 /* Login */ = {
			isa = PBXGroup;
			children = (
				1ED5351E240B0A27009B11D3 /* LoginService.swift */,
				1ED53501240A1E7D009B11D3 /* ICloudLoginService.swift */,
			);
			path = Login;
			sourceTree = "<group>";
		};
		1E726FF72402FA67002FC8DB /* Tags */ = {
			isa = PBXGroup;
			children = (
				1E726FF82402FB82002FC8DB /* TagsListView.swift */,
				1E3F498E244BF1E300775F81 /* TagPreviewList.swift */,
				1E00E5702408AF9500B14C9F /* TagDetailsView.swift */,
			);
			path = Tags;
			sourceTree = "<group>";
		};
		1E7B618C23E284A700F9F974 /* Shared */ = {
			isa = PBXGroup;
			children = (
				1E3F4990244BF36000775F81 /* Context Menus */,
				1E237EE42415F2D400CEE548 /* List */,
				1E24328A240B72F000E983E7 /* Buttons */,
				1E24328B240B732400E983E7 /* Colors */,
				1E24328C240B733000E983E7 /* TextField */,
				1E243289240B72C800E983E7 /* Views */,
				1E243288240B722500E983E7 /* Layouts */,
			);
			path = Shared;
			sourceTree = "<group>";
		};
		1E7B618D23E284B700F9F974 /* Screens */ = {
			isa = PBXGroup;
			children = (
				1E9D785F23E10B4F0020FAFE /* RootView.swift */,
				1E558EDC2411FBE80087C5E3 /* AppView.swift */,
				1E243290240B742E00E983E7 /* Splash */,
				1ED53524240B0CC5009B11D3 /* Login */,
				1E21F305240D60D100BC81DC /* Theme Picker */,
				1E24927123EB53DA00165280 /* Map */,
				1E0F7C7F2402BD11001B033C /* Visits Home View */,
			);
			path = Screens;
			sourceTree = "<group>";
		};
		1E80279223E5EAA40043D119 /* Day Details */ = {
			isa = PBXGroup;
			children = (
				1E80278E23E5E9AC0043D119 /* VisitsForDayView.swift */,
				1E24927523EB557E00165280 /* Components */,
			);
			path = "Day Details";
			sourceTree = "<group>";
		};
		1E97274023EB5796006528ED /* Location Visits */ = {
			isa = PBXGroup;
			children = (
				1E97274123EB57AE006528ED /* LocationVisitsView.swift */,
			);
			path = "Location Visits";
			sourceTree = "<group>";
		};
		1E97D215240B481D004113F7 /* Login */ = {
			isa = PBXGroup;
			children = (
				1ED53520240B0A48009B11D3 /* LottieAlert.swift */,
				1ED53522240B0C01009B11D3 /* UserStore.swift */,
			);
			path = Login;
			sourceTree = "<group>";
		};
		1E9D784C23E10B4F0020FAFE = {
			isa = PBXGroup;
			children = (
				1E9D785723E10B4F0020FAFE /* Locations App */,
				1E9D787123E10B520020FAFE /* Locations AppTests */,
				1E9D787C23E10B520020FAFE /* Locations AppUITests */,
				1E9D785623E10B4F0020FAFE /* Products */,
				1E9D788E23E10DE60020FAFE /* Frameworks */,
			);
			sourceTree = "<group>";
		};
		1E9D785623E10B4F0020FAFE /* Products */ = {
			isa = PBXGroup;
			children = (
				1E9D785523E10B4F0020FAFE /* Locations App.app */,
				1E9D786E23E10B520020FAFE /* Locations AppTests.xctest */,
				1E9D787923E10B520020FAFE /* Locations AppUITests.xctest */,
			);
			name = Products;
			sourceTree = "<group>";
		};
		1E9D785723E10B4F0020FAFE /* Locations App */ = {
			isa = PBXGroup;
			children = (
				1E9D785823E10B4F0020FAFE /* AppDelegate.swift */,
				1E9D785A23E10B4F0020FAFE /* SceneDelegate.swift */,
				1E9D789523E123FC0020FAFE /* CoreData */,
				1ED53503240A2BC4009B11D3 /* ICloud */,
				1EDE74D3240B6710002A7C08 /* Location */,
				1E9D78A723E1497F0020FAFE /* Models */,
				1E7B618C23E284A700F9F974 /* Shared */,
				1E7B618D23E284B700F9F974 /* Screens */,
				1EB865E223F9EC2D00A4B8E1 /* Button Styles */,
				1EFF83A623E52B7A00FF04A1 /* PreferenceKeys */,
				1EFF83A923E52BBA00FF04A1 /* View Modifiers */,
				1E9D78A223E13C5E0020FAFE /* Extensions */,
				1E9D78A623E149290020FAFE /* Resources */,
			);
			path = "Locations App";
			sourceTree = "<group>";
		};
		1E9D787123E10B520020FAFE /* Locations AppTests */ = {
			isa = PBXGroup;
			children = (
				1E9D787223E10B520020FAFE /* Locations_AppTests.swift */,
				1E9D787423E10B520020FAFE /* Info.plist */,
			);
			path = "Locations AppTests";
			sourceTree = "<group>";
		};
		1E9D787C23E10B520020FAFE /* Locations AppUITests */ = {
			isa = PBXGroup;
			children = (
				1E9D787D23E10B520020FAFE /* Locations_AppUITests.swift */,
				1E9D787F23E10B520020FAFE /* Info.plist */,
			);
			path = "Locations AppUITests";
			sourceTree = "<group>";
		};
		1E9D788E23E10DE60020FAFE /* Frameworks */ = {
			isa = PBXGroup;
			children = (
				1E9D788F23E10DE60020FAFE /* CloudKit.framework */,
				1EF6227323FF21C800B28DCF /* MapboxMobileEvents.framework */,
				1EF6227023FF21C400B28DCF /* Mapbox.framework */,
			);
			name = Frameworks;
			sourceTree = "<group>";
		};
		1E9D789523E123FC0020FAFE /* CoreData */ = {
			isa = PBXGroup;
			children = (
				1E9D789623E124030020FAFE /* CoreData.swift */,
				1E9D785C23E10B4F0020FAFE /* Locations_App.xcdatamodeld */,
				1EFFA58923E8B1E700914607 /* Location+CoreDataClass.swift */,
				1EFFA58A23E8B1E700914607 /* Location+CoreDataProperties.swift */,
				1E9D789A23E125610020FAFE /* Tag+CoreDataClass.swift */,
				1E9D789B23E125610020FAFE /* Tag+CoreDataProperties.swift */,
				1E9D789823E125610020FAFE /* Visit+CoreDataClass.swift */,
				1E9D789923E125610020FAFE /* Visit+CoreDataProperties.swift */,
			);
			path = CoreData;
			sourceTree = "<group>";
		};
		1E9D78A223E13C5E0020FAFE /* Extensions */ = {
			isa = PBXGroup;
			children = (
				1E125C4C240DAA9900D0919E /* Array+Chunk.swift */,
				1EFF83B023E532FA00FF04A1 /* Array+Sort.swift */,
				1EF5BECC2425D7A600B34251 /* CLLocationCoordinate2D+Equatable.swift */,
				1E125C4E240DAB0C00D0919E /* Date+DateComponents.swift */,
				1E5AF45723E3E2E500A94F10 /* Date+ToString.swift */,
				1EFF839C23E4BF2F00FF04A1 /* DateComponents+Additions.swift */,
				1EFF839A23E4BC9800FF04A1 /* Dictionary+Sort&Key.swift */,
				1EB03D20240F4B34001146FF /* EnvironmentKey+AppTheme.swift */,
				1E5AF45523E3E25E00A94F10 /* Formatter+DateFormatter.swift */,
				1EFE9F4623FC225D00E94D67 /* MGLMapView+Default.swift */,
				1EFF83A223E4E27800FF04A1 /* RandomAccessCollection+Indexed.swift */,
				1EB865E023F9E01400A4B8E1 /* UIApplication+Editing.swift */,
				1EE2CF5423E7CE4B009760D6 /* UIColor+CustomColors.swift */,
				1E125C48240DA17700D0919E /* UIColor+Hex.swift */,
				1E125C4A240DA19B00D0919E /* UIColor+ToColor.swift */,
				1E06D50F23FE21AE00467799 /* UIImage+Additions.swift */,
				1EFF83AC23E52D5800FF04A1 /* View+Extensions.swift */,
			);
			path = Extensions;
			sourceTree = "<group>";
		};
		1E9D78A623E149290020FAFE /* Resources */ = {
			isa = PBXGroup;
			children = (
				1EFE85D1240390620001D0C3 /* Lottie */,
				1E22BF5C23E2970500926030 /* Route.gpx */,
				1E9D786423E10B520020FAFE /* Preview Assets.xcassets */,
				1E9D786123E10B520020FAFE /* Assets.xcassets */,
				1E9D786623E10B520020FAFE /* LaunchScreen.storyboard */,
				1E9D786923E10B520020FAFE /* Info.plist */,
				1E9D788D23E10DE30020FAFE /* Locations App.entitlements */,
			);
			path = Resources;
			sourceTree = "<group>";
		};
		1E9D78A723E1497F0020FAFE /* Models */ = {
			isa = PBXGroup;
			children = (
				1EF5BEDB2428A19F00B34251 /* Tags */,
				1EF5BECE24282B4100B34251 /* State */,
				1E24328F240B73D300E983E7 /* Colors */,
				1E24328E240B73C100E983E7 /* Location */,
				1E97D215240B481D004113F7 /* Login */,
				1E24328D240B739200E983E7 /* Visit */,
			);
			path = Models;
			sourceTree = "<group>";
		};
		1EB424E62429D3100035F43E /* Route */ = {
			isa = PBXGroup;
			children = (
				1EC19124241FE32800089E8D /* RouteOverlayView.swift */,
				1EB424E72429D3220035F43E /* Components */,
			);
			path = Route;
			sourceTree = "<group>";
		};
		1EB424E72429D3220035F43E /* Components */ = {
			isa = PBXGroup;
			children = (
				1E3237982418632500D370CD /* CloseRouteButton.swift */,
				1EF5BECA2425D64300B34251 /* CenterIndicatorView.swift */,
				1EB424E82429D3500035F43E /* VisitOptionsView.swift */,
				1EB424E42429CFEA0035F43E /* RouteEditTagView.swift */,
				1E4723222429D76B004FCF7D /* RouteTagHeader.swift */,
				1EB424E22429C4C00035F43E /* RouteEditNotesView.swift */,
				1E5B271824392794000E0054 /* RouteEditNotesHeader.swift */,
			);
			path = Components;
			sourceTree = "<group>";
		};
		1EB865E223F9EC2D00A4B8E1 /* Button Styles */ = {
			isa = PBXGroup;
			children = (
				1EB865E323F9EC3C00A4B8E1 /* ScaleButtonStyle.swift */,
			);
			path = "Button Styles";
			sourceTree = "<group>";
		};
		1ED53503240A2BC4009B11D3 /* ICloud */ = {
			isa = PBXGroup;
			children = (
				1E52B0B2240B100900E4C693 /* KVS */,
				1E52B0B3240B101700E4C693 /* Login */,
				1E125C50240DBA6B00D0919E /* Theme Color */,
			);
			path = ICloud;
			sourceTree = "<group>";
		};
		1ED53524240B0CC5009B11D3 /* Login */ = {
			isa = PBXGroup;
			children = (
				1ED534FF24096D62009B11D3 /* LoginView.swift */,
			);
			path = Login;
			sourceTree = "<group>";
		};
		1EDE74D3240B6710002A7C08 /* Location */ = {
			isa = PBXGroup;
			children = (
				1E9D788B23E10C670020FAFE /* CoreLocationService.swift */,
				1EDE74D4240B6721002A7C08 /* LocationService.swift */,
			);
			path = Location;
			sourceTree = "<group>";
		};
		1EF5BECE24282B4100B34251 /* State */ = {
			isa = PBXGroup;
			children = (
				1E0DB24C241F430D003944C5 /* AppState.swift */,
				1EF5BEC82425C3F800B34251 /* MapState.swift */,
				1EF5BECF24282B7400B34251 /* TagCoreState.swift */,
			);
			path = State;
			sourceTree = "<group>";
		};
		1EF5BEDB2428A19F00B34251 /* Tags */ = {
			isa = PBXGroup;
			children = (
				1EF5BEDC2428A1AF00B34251 /* TagProvider.swift */,
				1E3F4993244C01D100775F81 /* TagCellConstants.swift */,
			);
			path = Tags;
			sourceTree = "<group>";
		};
		1EFE85D1240390620001D0C3 /* Lottie */ = {
			isa = PBXGroup;
			children = (
				1EFE85D2240390770001D0C3 /* check1.json */,
				1ED53515240A3AF3009B11D3 /* check2.json */,
				1ED53514240A3AF3009B11D3 /* check3.json */,
				1ED5351C240B06E3009B11D3 /* error.json */,
				1ED53512240A3AEC009B11D3 /* humpingmonkey.json */,
				1ED5351A240AFD64009B11D3 /* loading.json */,
				1ED534FD24096B34009B11D3 /* profile.json */,
				1ED5350E240A38B4009B11D3 /* walking.json */,
			);
			path = Lottie;
			sourceTree = "<group>";
		};
		1EFF83A623E52B7A00FF04A1 /* PreferenceKeys */ = {
			isa = PBXGroup;
			children = (
				1EFF83A723E52B9000FF04A1 /* SizePreferenceKey.swift */,
			);
			path = PreferenceKeys;
			sourceTree = "<group>";
		};
		1EFF83A923E52BBA00FF04A1 /* View Modifiers */ = {
			isa = PBXGroup;
			children = (
				1E5DBEA623E9C6A000C86641 /* DisableModifier.swift */,
				1EFF83B623E53ACB00FF04A1 /* EdgeModifier.swift */,
				1E5DBEA823E9C7A100C86641 /* OpacityModifier.swift */,
				1EFF83AE23E52E5900FF04A1 /* RotatedModifier.swift */,
				1EFF83AA23E52BC700FF04A1 /* SizeModifier.swift */,
				1E125C46240D83F200D0919E /* RoundedModifier.swift */,
				1EB424EA2429D48A0035F43E /* ScaleFadeModifier.swift */,
			);
			path = "View Modifiers";
			sourceTree = "<group>";
		};
/* End PBXGroup section */

/* Begin PBXNativeTarget section */
		1E9D785423E10B4F0020FAFE /* Locations App */ = {
			isa = PBXNativeTarget;
			buildConfigurationList = 1E9D788223E10B520020FAFE /* Build configuration list for PBXNativeTarget "Locations App" */;
			buildPhases = (
				1E9D785123E10B4F0020FAFE /* Sources */,
				1E9D785223E10B4F0020FAFE /* Frameworks */,
				1E9D785323E10B4F0020FAFE /* Resources */,
				1EE2CF4D23E786AF009760D6 /* Embed Frameworks */,
				1EE2CF5123E78AEE009760D6 /* Run Script */,
			);
			buildRules = (
			);
			dependencies = (
			);
			name = "Locations App";
			packageProductDependencies = (
				1EFE85CD240377060001D0C3 /* Lottie */,
				1E4879F2243AED1300048816 /* IQKeyboardManagerSwift */,
			);
			productName = "Locations App";
			productReference = 1E9D785523E10B4F0020FAFE /* Locations App.app */;
			productType = "com.apple.product-type.application";
		};
		1E9D786D23E10B520020FAFE /* Locations AppTests */ = {
			isa = PBXNativeTarget;
			buildConfigurationList = 1E9D788523E10B520020FAFE /* Build configuration list for PBXNativeTarget "Locations AppTests" */;
			buildPhases = (
				1E9D786A23E10B520020FAFE /* Sources */,
				1E9D786B23E10B520020FAFE /* Frameworks */,
				1E9D786C23E10B520020FAFE /* Resources */,
			);
			buildRules = (
			);
			dependencies = (
				1E9D787023E10B520020FAFE /* PBXTargetDependency */,
			);
			name = "Locations AppTests";
			productName = "Locations AppTests";
			productReference = 1E9D786E23E10B520020FAFE /* Locations AppTests.xctest */;
			productType = "com.apple.product-type.bundle.unit-test";
		};
		1E9D787823E10B520020FAFE /* Locations AppUITests */ = {
			isa = PBXNativeTarget;
			buildConfigurationList = 1E9D788823E10B520020FAFE /* Build configuration list for PBXNativeTarget "Locations AppUITests" */;
			buildPhases = (
				1E9D787523E10B520020FAFE /* Sources */,
				1E9D787623E10B520020FAFE /* Frameworks */,
				1E9D787723E10B520020FAFE /* Resources */,
			);
			buildRules = (
			);
			dependencies = (
				1E9D787B23E10B520020FAFE /* PBXTargetDependency */,
			);
			name = "Locations AppUITests";
			productName = "Locations AppUITests";
			productReference = 1E9D787923E10B520020FAFE /* Locations AppUITests.xctest */;
			productType = "com.apple.product-type.bundle.ui-testing";
		};
/* End PBXNativeTarget section */

/* Begin PBXProject section */
		1E9D784D23E10B4F0020FAFE /* Project object */ = {
			isa = PBXProject;
			attributes = {
				LastSwiftUpdateCheck = 1130;
				LastUpgradeCheck = 1130;
				ORGANIZATIONNAME = "Kevin Li";
				TargetAttributes = {
					1E9D785423E10B4F0020FAFE = {
						CreatedOnToolsVersion = 11.3.1;
					};
					1E9D786D23E10B520020FAFE = {
						CreatedOnToolsVersion = 11.3.1;
						TestTargetID = 1E9D785423E10B4F0020FAFE;
					};
					1E9D787823E10B520020FAFE = {
						CreatedOnToolsVersion = 11.3.1;
						TestTargetID = 1E9D785423E10B4F0020FAFE;
					};
				};
			};
			buildConfigurationList = 1E9D785023E10B4F0020FAFE /* Build configuration list for PBXProject "Locations App" */;
			compatibilityVersion = "Xcode 9.3";
			developmentRegion = en;
			hasScannedForEncodings = 0;
			knownRegions = (
				en,
				Base,
			);
			mainGroup = 1E9D784C23E10B4F0020FAFE;
			packageReferences = (
				1EFE85CC240377060001D0C3 /* XCRemoteSwiftPackageReference "lottie-ios" */,
				1E4879F1243AED1300048816 /* XCRemoteSwiftPackageReference "IQKeyboardManager" */,
			);
			productRefGroup = 1E9D785623E10B4F0020FAFE /* Products */;
			projectDirPath = "";
			projectRoot = "";
			targets = (
				1E9D785423E10B4F0020FAFE /* Locations App */,
				1E9D786D23E10B520020FAFE /* Locations AppTests */,
				1E9D787823E10B520020FAFE /* Locations AppUITests */,
			);
		};
/* End PBXProject section */

/* Begin PBXResourcesBuildPhase section */
		1E9D785323E10B4F0020FAFE /* Resources */ = {
			isa = PBXResourcesBuildPhase;
			buildActionMask = 2147483647;
			files = (
				1ED5351D240B06E3009B11D3 /* error.json in Resources */,
				1E9D786823E10B520020FAFE /* LaunchScreen.storyboard in Resources */,
				1ED5350F240A38B4009B11D3 /* walking.json in Resources */,
				1ED5351B240AFD64009B11D3 /* loading.json in Resources */,
				1EFE85D3240390770001D0C3 /* check1.json in Resources */,
				1ED53517240A3AF3009B11D3 /* check2.json in Resources */,
				1E22BF5D23E2970500926030 /* Route.gpx in Resources */,
				1ED534FE24096B34009B11D3 /* profile.json in Resources */,
				1ED53513240A3AED009B11D3 /* humpingmonkey.json in Resources */,
				1E9D786523E10B520020FAFE /* Preview Assets.xcassets in Resources */,
				1ED53516240A3AF3009B11D3 /* check3.json in Resources */,
				1E9D786223E10B520020FAFE /* Assets.xcassets in Resources */,
			);
			runOnlyForDeploymentPostprocessing = 0;
		};
		1E9D786C23E10B520020FAFE /* Resources */ = {
			isa = PBXResourcesBuildPhase;
			buildActionMask = 2147483647;
			files = (
			);
			runOnlyForDeploymentPostprocessing = 0;
		};
		1E9D787723E10B520020FAFE /* Resources */ = {
			isa = PBXResourcesBuildPhase;
			buildActionMask = 2147483647;
			files = (
			);
			runOnlyForDeploymentPostprocessing = 0;
		};
/* End PBXResourcesBuildPhase section */

/* Begin PBXShellScriptBuildPhase section */
		1EE2CF5123E78AEE009760D6 /* Run Script */ = {
			isa = PBXShellScriptBuildPhase;
			buildActionMask = 2147483647;
			files = (
			);
			inputFileListPaths = (
			);
			inputPaths = (
				"$(SRCROOT)/Carthage/Build/iOS/Mapbox.framework",
				"$(SRCROOT)/Carthage/Build/iOS/MapboxMobileEvents.framework",
			);
			name = "Run Script";
			outputFileListPaths = (
			);
			outputPaths = (
			);
			runOnlyForDeploymentPostprocessing = 0;
			shellPath = /bin/sh;
			shellScript = "/usr/local/bin/carthage copy-frameworks\n";
		};
/* End PBXShellScriptBuildPhase section */

/* Begin PBXSourcesBuildPhase section */
		1E9D785123E10B4F0020FAFE /* Sources */ = {
			isa = PBXSourcesBuildPhase;
			buildActionMask = 2147483647;
			files = (
				1E9D789D23E125610020FAFE /* Visit+CoreDataProperties.swift in Sources */,
				1EB424E92429D3500035F43E /* VisitOptionsView.swift in Sources */,
				1E3FEB0D23E8CC7E000C4A0B /* EditTagView.swift in Sources */,
				1E6D569423E653990044AB3A /* VSpace.swift in Sources */,
				1EB03D2724102955001146FF /* AppMapView.swift in Sources */,
				1E237EE62415F2E200CEE548 /* FilteredList.swift in Sources */,
				1ED53521240B0A48009B11D3 /* LottieAlert.swift in Sources */,
				1EFF83A823E52B9000FF04A1 /* SizePreferenceKey.swift in Sources */,
				1E5AF45623E3E25E00A94F10 /* Formatter+DateFormatter.swift in Sources */,
				1E0F7C812402BD42001B033C /* VisitsHomeView.swift in Sources */,
				1EFF83B523E5368900FF04A1 /* V0Stack.swift in Sources */,
				1ED53507240A2C32009B11D3 /* KeyNamespaceable.swift in Sources */,
				1EB865E423F9EC3C00A4B8E1 /* ScaleButtonStyle.swift in Sources */,
				1E726FF92402FB82002FC8DB /* TagsListView.swift in Sources */,
				1ED5350024096D62009B11D3 /* LoginView.swift in Sources */,
				1EFF83B923E53BC200FF04A1 /* ScreenColor.swift in Sources */,
				1E6D568923E5EEB20044AB3A /* TagView.swift in Sources */,
				1E24927023EB52D200165280 /* ColorTextRow.swift in Sources */,
				1EFF83AB23E52BC700FF04A1 /* SizeModifier.swift in Sources */,
				1E125C47240D83F200D0919E /* RoundedModifier.swift in Sources */,
				1EE2CF5923E7D2C2009760D6 /* CustomAnnotationView.swift in Sources */,
				1E125C4B240DA19B00D0919E /* UIColor+ToColor.swift in Sources */,
				1E0F7C832402CC5B001B033C /* ExpanadableFAB.swift in Sources */,
				1EFF83A323E4E27800FF04A1 /* RandomAccessCollection+Indexed.swift in Sources */,
				1E97274223EB57AE006528ED /* LocationVisitsView.swift in Sources */,
				1EFFA58C23E8B1E700914607 /* Location+CoreDataProperties.swift in Sources */,
				1EFFA58B23E8B1E700914607 /* Location+CoreDataClass.swift in Sources */,
				1E9D789C23E125610020FAFE /* Visit+CoreDataClass.swift in Sources */,
				1E5AF45823E3E2E500A94F10 /* Date+ToString.swift in Sources */,
				1EFF83B323E5365E00FF04A1 /* H0Stack.swift in Sources */,
				1E4723232429D76B004FCF7D /* RouteTagHeader.swift in Sources */,
				1EB865E123F9E01400A4B8E1 /* UIApplication+Editing.swift in Sources */,
				1E9D78A123E12BC80020FAFE /* ReversedGeoLocation.swift in Sources */,
				1EF5BEDA24289DF900B34251 /* TransientAlertView.swift in Sources */,
				1E21F307240D60F400BC81DC /* ThemePickerView.swift in Sources */,
				1EDE74D5240B6721002A7C08 /* LocationService.swift in Sources */,
				1E125C49240DA17700D0919E /* UIColor+Hex.swift in Sources */,
				1EFF83AD23E52D5800FF04A1 /* View+Extensions.swift in Sources */,
				1EFF839F23E4CE7500FF04A1 /* DayPreviewBlock.swift in Sources */,
				1EFF839D23E4BF2F00FF04A1 /* DateComponents+Additions.swift in Sources */,
				1EB03D21240F4B34001146FF /* EnvironmentKey+AppTheme.swift in Sources */,
				1EF5BECD2425D7A600B34251 /* CLLocationCoordinate2D+Equatable.swift in Sources */,
				1E06D51023FE21AE00467799 /* UIImage+Additions.swift in Sources */,
				1E558EDD2411FBE80087C5E3 /* AppView.swift in Sources */,
				1E6D568D23E5FEAC0044AB3A /* DayLabel.swift in Sources */,
				1E5AF45423E3CCCA00A94F10 /* VisitPreviewCell.swift in Sources */,
				1EFFA58623E89A3400914607 /* LocationAnnotation.swift in Sources */,
				1E80278F23E5E9AC0043D119 /* VisitsForDayView.swift in Sources */,
				1E125C56240DEE7200D0919E /* ICloudThemeColorService.swift in Sources */,
				1E5AF45223E3CC0500A94F10 /* VisitsPreviewList.swift in Sources */,
				1EE2CF5323E7A5EC009760D6 /* UserLocationButton.swift in Sources */,
				1EFF83B123E532FA00FF04A1 /* Array+Sort.swift in Sources */,
				1E00E5712408AF9500B14C9F /* TagDetailsView.swift in Sources */,
				1EFE9F4723FC225D00E94D67 /* MGLMapView+Default.swift in Sources */,
				1EB424E52429CFEA0035F43E /* RouteEditTagView.swift in Sources */,
				1E3FEB1123E8CFDE000C4A0B /* AppColors.swift in Sources */,
				1EF5BED824289D5700B34251 /* TagOperationsView.swift in Sources */,
				1E5DBEA723E9C6A000C86641 /* DisableModifier.swift in Sources */,
				1E9D785923E10B4F0020FAFE /* AppDelegate.swift in Sources */,
				1EF5BEC92425C3F800B34251 /* MapState.swift in Sources */,
				1EE2CF5523E7CE4B009760D6 /* UIColor+CustomColors.swift in Sources */,
				1EF5BEDD2428A1AF00B34251 /* TagProvider.swift in Sources */,
				1EF5BED624289B3E00B34251 /* TagSelectionList.swift in Sources */,
				1EFC8DC323E7238A00628251 /* StaticMapView.swift in Sources */,
				1E125C45240D808100D0919E /* ColorAdaptiveVisitsView.swift in Sources */,
				1E1D3DB623EF8B2500528241 /* VScroll.swift in Sources */,
				1ED53509240A2C90009B11D3 /* ICloudKVS+Account.swift in Sources */,
				1E9D785E23E10B4F0020FAFE /* Locations_App.xcdatamodeld in Sources */,
				1EFF839B23E4BC9800FF04A1 /* Dictionary+Sort&Key.swift in Sources */,
				1E8909CE23F880070008500E /* VisitCellConstants.swift in Sources */,
				1EC19125241FE32800089E8D /* RouteOverlayView.swift in Sources */,
				1EF5BED024282B7400B34251 /* TagCoreState.swift in Sources */,
				1E9D789E23E125610020FAFE /* Tag+CoreDataClass.swift in Sources */,
				1E3F498F244BF1E300775F81 /* TagPreviewList.swift in Sources */,
				1E125C52240DBA8F00D0919E /* ThemeColorService.swift in Sources */,
				1EB424E32429C4C00035F43E /* RouteEditNotesView.swift in Sources */,
				1E3237992418632500D370CD /* CloseRouteButton.swift in Sources */,
				1E125C4D240DAA9900D0919E /* Array+Chunk.swift in Sources */,
				1EFE85D0240377170001D0C3 /* LottieView.swift in Sources */,
				1E7B618F23E284C600F9F974 /* MapView.swift in Sources */,
				1EFF839723E4A4F900FF04A1 /* MonthYearSideBar.swift in Sources */,
				1E125C4F240DAB0C00D0919E /* Date+DateComponents.swift in Sources */,
				1EB424EB2429D48A0035F43E /* ScaleFadeModifier.swift in Sources */,
				1E6D568723E5ED5B0044AB3A /* VisitDetailsView.swift in Sources */,
				1EB03D25241027DB001146FF /* TransientSplashView.swift in Sources */,
				1E3F4992244BF36A00775F81 /* TagContextMenu.swift in Sources */,
				1ED53519240A3C9A009B11D3 /* BlurView.swift in Sources */,
				1E9D788C23E10C670020FAFE /* CoreLocationService.swift in Sources */,
				1ED53523240B0C01009B11D3 /* UserStore.swift in Sources */,
				1E0DB24D241F430D003944C5 /* AppState.swift in Sources */,
				1EB865DF23F9D53F00A4B8E1 /* AutoResizingTextField.swift in Sources */,
				1E5DBEA923E9C7A100C86641 /* OpacityModifier.swift in Sources */,
				1ED5351F240B0A27009B11D3 /* LoginService.swift in Sources */,
				1E5B271924392794000E0054 /* RouteEditNotesHeader.swift in Sources */,
				1E9D789F23E125610020FAFE /* Tag+CoreDataProperties.swift in Sources */,
				1E9D786023E10B4F0020FAFE /* RootView.swift in Sources */,
				1EF5BED4242897F800B34251 /* TagHeader.swift in Sources */,
				1E21F30D240EC50700BC81DC /* DimensionalButton.swift in Sources */,
				1E9D789723E124030020FAFE /* CoreData.swift in Sources */,
				1E00E5752408CC6200B14C9F /* SplashScreen.swift in Sources */,
				1EFF83AF23E52E5900FF04A1 /* RotatedModifier.swift in Sources */,
				1E3CD7EC2403254A00C95ABF /* LocationsListView.swift in Sources */,
				1E558EDF2411FD0C0087C5E3 /* SetupThemePickerView.swift in Sources */,
				1E9D785B23E10B4F0020FAFE /* SceneDelegate.swift in Sources */,
				1EFE85CB240360490001D0C3 /* TagRow.swift in Sources */,
				1E6D568B23E5F6F10044AB3A /* BImage.swift in Sources */,
				1EFF83B723E53ACB00FF04A1 /* EdgeModifier.swift in Sources */,
				1ED53502240A1E7D009B11D3 /* ICloudLoginService.swift in Sources */,
				1ED53505240A2BF4009B11D3 /* AccountKVS.swift in Sources */,
				1EC1912C2420267800089E8D /* FavoriteButton.swift in Sources */,
				1E3F4994244C01D100775F81 /* TagCellConstants.swift in Sources */,
				1EF5BECB2425D64300B34251 /* CenterIndicatorView.swift in Sources */,
				1EFF839523E49E0900FF04A1 /* DaySideBar.swift in Sources */,
				1E21F309240D617600BC81DC /* ScalingCircle.swift in Sources */,
			);
			runOnlyForDeploymentPostprocessing = 0;
		};
		1E9D786A23E10B520020FAFE /* Sources */ = {
			isa = PBXSourcesBuildPhase;
			buildActionMask = 2147483647;
			files = (
				1E9D787323E10B520020FAFE /* Locations_AppTests.swift in Sources */,
			);
			runOnlyForDeploymentPostprocessing = 0;
		};
		1E9D787523E10B520020FAFE /* Sources */ = {
			isa = PBXSourcesBuildPhase;
			buildActionMask = 2147483647;
			files = (
				1E9D787E23E10B520020FAFE /* Locations_AppUITests.swift in Sources */,
			);
			runOnlyForDeploymentPostprocessing = 0;
		};
/* End PBXSourcesBuildPhase section */

/* Begin PBXTargetDependency section */
		1E9D787023E10B520020FAFE /* PBXTargetDependency */ = {
			isa = PBXTargetDependency;
			target = 1E9D785423E10B4F0020FAFE /* Locations App */;
			targetProxy = 1E9D786F23E10B520020FAFE /* PBXContainerItemProxy */;
		};
		1E9D787B23E10B520020FAFE /* PBXTargetDependency */ = {
			isa = PBXTargetDependency;
			target = 1E9D785423E10B4F0020FAFE /* Locations App */;
			targetProxy = 1E9D787A23E10B520020FAFE /* PBXContainerItemProxy */;
		};
/* End PBXTargetDependency section */

/* Begin PBXVariantGroup section */
		1E9D786623E10B520020FAFE /* LaunchScreen.storyboard */ = {
			isa = PBXVariantGroup;
			children = (
				1E9D786723E10B520020FAFE /* Base */,
			);
			name = LaunchScreen.storyboard;
			sourceTree = "<group>";
		};
/* End PBXVariantGroup section */

/* Begin XCBuildConfiguration section */
		1E9D788023E10B520020FAFE /* Debug */ = {
			isa = XCBuildConfiguration;
			buildSettings = {
				ALWAYS_SEARCH_USER_PATHS = NO;
				CLANG_ANALYZER_NONNULL = YES;
				CLANG_ANALYZER_NUMBER_OBJECT_CONVERSION = YES_AGGRESSIVE;
				CLANG_CXX_LANGUAGE_STANDARD = "gnu++14";
				CLANG_CXX_LIBRARY = "libc++";
				CLANG_ENABLE_MODULES = YES;
				CLANG_ENABLE_OBJC_ARC = YES;
				CLANG_ENABLE_OBJC_WEAK = YES;
				CLANG_WARN_BLOCK_CAPTURE_AUTORELEASING = YES;
				CLANG_WARN_BOOL_CONVERSION = YES;
				CLANG_WARN_COMMA = YES;
				CLANG_WARN_CONSTANT_CONVERSION = YES;
				CLANG_WARN_DEPRECATED_OBJC_IMPLEMENTATIONS = YES;
				CLANG_WARN_DIRECT_OBJC_ISA_USAGE = YES_ERROR;
				CLANG_WARN_DOCUMENTATION_COMMENTS = YES;
				CLANG_WARN_EMPTY_BODY = YES;
				CLANG_WARN_ENUM_CONVERSION = YES;
				CLANG_WARN_INFINITE_RECURSION = YES;
				CLANG_WARN_INT_CONVERSION = YES;
				CLANG_WARN_NON_LITERAL_NULL_CONVERSION = YES;
				CLANG_WARN_OBJC_IMPLICIT_RETAIN_SELF = YES;
				CLANG_WARN_OBJC_LITERAL_CONVERSION = YES;
				CLANG_WARN_OBJC_ROOT_CLASS = YES_ERROR;
				CLANG_WARN_RANGE_LOOP_ANALYSIS = YES;
				CLANG_WARN_STRICT_PROTOTYPES = YES;
				CLANG_WARN_SUSPICIOUS_MOVE = YES;
				CLANG_WARN_UNGUARDED_AVAILABILITY = YES_AGGRESSIVE;
				CLANG_WARN_UNREACHABLE_CODE = YES;
				CLANG_WARN__DUPLICATE_METHOD_MATCH = YES;
				COPY_PHASE_STRIP = NO;
				DEBUG_INFORMATION_FORMAT = dwarf;
				ENABLE_STRICT_OBJC_MSGSEND = YES;
				ENABLE_TESTABILITY = YES;
				GCC_C_LANGUAGE_STANDARD = gnu11;
				GCC_DYNAMIC_NO_PIC = NO;
				GCC_NO_COMMON_BLOCKS = YES;
				GCC_OPTIMIZATION_LEVEL = 0;
				GCC_PREPROCESSOR_DEFINITIONS = (
					"DEBUG=1",
					"$(inherited)",
				);
				GCC_WARN_64_TO_32_BIT_CONVERSION = YES;
				GCC_WARN_ABOUT_RETURN_TYPE = YES_ERROR;
				GCC_WARN_UNDECLARED_SELECTOR = YES;
				GCC_WARN_UNINITIALIZED_AUTOS = YES_AGGRESSIVE;
				GCC_WARN_UNUSED_FUNCTION = YES;
				GCC_WARN_UNUSED_VARIABLE = YES;
				IPHONEOS_DEPLOYMENT_TARGET = 13.0;
				MTL_ENABLE_DEBUG_INFO = INCLUDE_SOURCE;
				MTL_FAST_MATH = YES;
				ONLY_ACTIVE_ARCH = YES;
				SDKROOT = iphoneos;
				SWIFT_ACTIVE_COMPILATION_CONDITIONS = DEBUG;
				SWIFT_OPTIMIZATION_LEVEL = "-Onone";
			};
			name = Debug;
		};
		1E9D788123E10B520020FAFE /* Release */ = {
			isa = XCBuildConfiguration;
			buildSettings = {
				ALWAYS_SEARCH_USER_PATHS = NO;
				CLANG_ANALYZER_NONNULL = YES;
				CLANG_ANALYZER_NUMBER_OBJECT_CONVERSION = YES_AGGRESSIVE;
				CLANG_CXX_LANGUAGE_STANDARD = "gnu++14";
				CLANG_CXX_LIBRARY = "libc++";
				CLANG_ENABLE_MODULES = YES;
				CLANG_ENABLE_OBJC_ARC = YES;
				CLANG_ENABLE_OBJC_WEAK = YES;
				CLANG_WARN_BLOCK_CAPTURE_AUTORELEASING = YES;
				CLANG_WARN_BOOL_CONVERSION = YES;
				CLANG_WARN_COMMA = YES;
				CLANG_WARN_CONSTANT_CONVERSION = YES;
				CLANG_WARN_DEPRECATED_OBJC_IMPLEMENTATIONS = YES;
				CLANG_WARN_DIRECT_OBJC_ISA_USAGE = YES_ERROR;
				CLANG_WARN_DOCUMENTATION_COMMENTS = YES;
				CLANG_WARN_EMPTY_BODY = YES;
				CLANG_WARN_ENUM_CONVERSION = YES;
				CLANG_WARN_INFINITE_RECURSION = YES;
				CLANG_WARN_INT_CONVERSION = YES;
				CLANG_WARN_NON_LITERAL_NULL_CONVERSION = YES;
				CLANG_WARN_OBJC_IMPLICIT_RETAIN_SELF = YES;
				CLANG_WARN_OBJC_LITERAL_CONVERSION = YES;
				CLANG_WARN_OBJC_ROOT_CLASS = YES_ERROR;
				CLANG_WARN_RANGE_LOOP_ANALYSIS = YES;
				CLANG_WARN_STRICT_PROTOTYPES = YES;
				CLANG_WARN_SUSPICIOUS_MOVE = YES;
				CLANG_WARN_UNGUARDED_AVAILABILITY = YES_AGGRESSIVE;
				CLANG_WARN_UNREACHABLE_CODE = YES;
				CLANG_WARN__DUPLICATE_METHOD_MATCH = YES;
				COPY_PHASE_STRIP = NO;
				DEBUG_INFORMATION_FORMAT = "dwarf-with-dsym";
				ENABLE_NS_ASSERTIONS = NO;
				ENABLE_STRICT_OBJC_MSGSEND = YES;
				GCC_C_LANGUAGE_STANDARD = gnu11;
				GCC_NO_COMMON_BLOCKS = YES;
				GCC_WARN_64_TO_32_BIT_CONVERSION = YES;
				GCC_WARN_ABOUT_RETURN_TYPE = YES_ERROR;
				GCC_WARN_UNDECLARED_SELECTOR = YES;
				GCC_WARN_UNINITIALIZED_AUTOS = YES_AGGRESSIVE;
				GCC_WARN_UNUSED_FUNCTION = YES;
				GCC_WARN_UNUSED_VARIABLE = YES;
				IPHONEOS_DEPLOYMENT_TARGET = 13.0;
				MTL_ENABLE_DEBUG_INFO = NO;
				MTL_FAST_MATH = YES;
				SDKROOT = iphoneos;
				SWIFT_COMPILATION_MODE = wholemodule;
				SWIFT_OPTIMIZATION_LEVEL = "-O";
				VALIDATE_PRODUCT = YES;
			};
			name = Release;
		};
		1E9D788323E10B520020FAFE /* Debug */ = {
			isa = XCBuildConfiguration;
			buildSettings = {
				ASSETCATALOG_COMPILER_APPICON_NAME = AppIcon;
				CODE_SIGN_ENTITLEMENTS = "Locations App/Resources/Locations App.entitlements";
				CODE_SIGN_STYLE = Automatic;
				DEVELOPMENT_ASSET_PATHS = "\"Locations App/Resources\"";
				DEVELOPMENT_TEAM = 75H2NCGMKS;
				ENABLE_PREVIEWS = YES;
				FRAMEWORK_SEARCH_PATHS = (
					"$(inherited)",
					"$(PROJECT_DIR)/Carthage/Build/iOS",
				);
				GCC_NO_COMMON_BLOCKS = YES;
				INFOPLIST_FILE = "Locations App/Resources/Info.plist";
				LD_RUNPATH_SEARCH_PATHS = (
					"$(inherited)",
					"@executable_path/Frameworks",
				);
				PRODUCT_BUNDLE_IDENTIFIER = "com.kevinli.Locations-App";
				PRODUCT_NAME = "$(TARGET_NAME)";
				SWIFT_VERSION = 5.0;
				TARGETED_DEVICE_FAMILY = "1,2";
			};
			name = Debug;
		};
		1E9D788423E10B520020FAFE /* Release */ = {
			isa = XCBuildConfiguration;
			buildSettings = {
				ASSETCATALOG_COMPILER_APPICON_NAME = AppIcon;
				CODE_SIGN_ENTITLEMENTS = "Locations App/Resources/Locations App.entitlements";
				CODE_SIGN_STYLE = Automatic;
				DEVELOPMENT_ASSET_PATHS = "\"Locations App/Resources\"";
				DEVELOPMENT_TEAM = 75H2NCGMKS;
				ENABLE_PREVIEWS = YES;
				FRAMEWORK_SEARCH_PATHS = (
					"$(inherited)",
					"$(PROJECT_DIR)/Carthage/Build/iOS",
				);
				GCC_NO_COMMON_BLOCKS = YES;
				INFOPLIST_FILE = "Locations App/Resources/Info.plist";
				LD_RUNPATH_SEARCH_PATHS = (
					"$(inherited)",
					"@executable_path/Frameworks",
				);
				PRODUCT_BUNDLE_IDENTIFIER = "com.kevinli.Locations-App";
				PRODUCT_NAME = "$(TARGET_NAME)";
				SWIFT_VERSION = 5.0;
				TARGETED_DEVICE_FAMILY = "1,2";
			};
			name = Release;
		};
		1E9D788623E10B520020FAFE /* Debug */ = {
			isa = XCBuildConfiguration;
			buildSettings = {
				ALWAYS_EMBED_SWIFT_STANDARD_LIBRARIES = YES;
				BUNDLE_LOADER = "$(TEST_HOST)";
				CODE_SIGN_STYLE = Automatic;
				DEVELOPMENT_TEAM = 75H2NCGMKS;
				INFOPLIST_FILE = "Locations AppTests/Info.plist";
				IPHONEOS_DEPLOYMENT_TARGET = 13.2;
				LD_RUNPATH_SEARCH_PATHS = (
					"$(inherited)",
					"@executable_path/Frameworks",
					"@loader_path/Frameworks",
				);
				PRODUCT_BUNDLE_IDENTIFIER = "com.kevinli.Locations-AppTests";
				PRODUCT_NAME = "$(TARGET_NAME)";
				SWIFT_VERSION = 5.0;
				TARGETED_DEVICE_FAMILY = "1,2";
				TEST_HOST = "$(BUILT_PRODUCTS_DIR)/Locations App.app/Locations App";
			};
			name = Debug;
		};
		1E9D788723E10B520020FAFE /* Release */ = {
			isa = XCBuildConfiguration;
			buildSettings = {
				ALWAYS_EMBED_SWIFT_STANDARD_LIBRARIES = YES;
				BUNDLE_LOADER = "$(TEST_HOST)";
				CODE_SIGN_STYLE = Automatic;
				DEVELOPMENT_TEAM = 75H2NCGMKS;
				INFOPLIST_FILE = "Locations AppTests/Info.plist";
				IPHONEOS_DEPLOYMENT_TARGET = 13.2;
				LD_RUNPATH_SEARCH_PATHS = (
					"$(inherited)",
					"@executable_path/Frameworks",
					"@loader_path/Frameworks",
				);
				PRODUCT_BUNDLE_IDENTIFIER = "com.kevinli.Locations-AppTests";
				PRODUCT_NAME = "$(TARGET_NAME)";
				SWIFT_VERSION = 5.0;
				TARGETED_DEVICE_FAMILY = "1,2";
				TEST_HOST = "$(BUILT_PRODUCTS_DIR)/Locations App.app/Locations App";
			};
			name = Release;
		};
		1E9D788923E10B520020FAFE /* Debug */ = {
			isa = XCBuildConfiguration;
			buildSettings = {
				ALWAYS_EMBED_SWIFT_STANDARD_LIBRARIES = YES;
				CODE_SIGN_STYLE = Automatic;
				DEVELOPMENT_TEAM = 75H2NCGMKS;
				INFOPLIST_FILE = "Locations AppUITests/Info.plist";
				LD_RUNPATH_SEARCH_PATHS = (
					"$(inherited)",
					"@executable_path/Frameworks",
					"@loader_path/Frameworks",
				);
				PRODUCT_BUNDLE_IDENTIFIER = "com.kevinli.Locations-AppUITests";
				PRODUCT_NAME = "$(TARGET_NAME)";
				SWIFT_VERSION = 5.0;
				TARGETED_DEVICE_FAMILY = "1,2";
				TEST_TARGET_NAME = "Locations App";
			};
			name = Debug;
		};
		1E9D788A23E10B520020FAFE /* Release */ = {
			isa = XCBuildConfiguration;
			buildSettings = {
				ALWAYS_EMBED_SWIFT_STANDARD_LIBRARIES = YES;
				CODE_SIGN_STYLE = Automatic;
				DEVELOPMENT_TEAM = 75H2NCGMKS;
				INFOPLIST_FILE = "Locations AppUITests/Info.plist";
				LD_RUNPATH_SEARCH_PATHS = (
					"$(inherited)",
					"@executable_path/Frameworks",
					"@loader_path/Frameworks",
				);
				PRODUCT_BUNDLE_IDENTIFIER = "com.kevinli.Locations-AppUITests";
				PRODUCT_NAME = "$(TARGET_NAME)";
				SWIFT_VERSION = 5.0;
				TARGETED_DEVICE_FAMILY = "1,2";
				TEST_TARGET_NAME = "Locations App";
			};
			name = Release;
		};
/* End XCBuildConfiguration section */

/* Begin XCConfigurationList section */
		1E9D785023E10B4F0020FAFE /* Build configuration list for PBXProject "Locations App" */ = {
			isa = XCConfigurationList;
			buildConfigurations = (
				1E9D788023E10B520020FAFE /* Debug */,
				1E9D788123E10B520020FAFE /* Release */,
			);
			defaultConfigurationIsVisible = 0;
			defaultConfigurationName = Release;
		};
		1E9D788223E10B520020FAFE /* Build configuration list for PBXNativeTarget "Locations App" */ = {
			isa = XCConfigurationList;
			buildConfigurations = (
				1E9D788323E10B520020FAFE /* Debug */,
				1E9D788423E10B520020FAFE /* Release */,
			);
			defaultConfigurationIsVisible = 0;
			defaultConfigurationName = Release;
		};
		1E9D788523E10B520020FAFE /* Build configuration list for PBXNativeTarget "Locations AppTests" */ = {
			isa = XCConfigurationList;
			buildConfigurations = (
				1E9D788623E10B520020FAFE /* Debug */,
				1E9D788723E10B520020FAFE /* Release */,
			);
			defaultConfigurationIsVisible = 0;
			defaultConfigurationName = Release;
		};
		1E9D788823E10B520020FAFE /* Build configuration list for PBXNativeTarget "Locations AppUITests" */ = {
			isa = XCConfigurationList;
			buildConfigurations = (
				1E9D788923E10B520020FAFE /* Debug */,
				1E9D788A23E10B520020FAFE /* Release */,
			);
			defaultConfigurationIsVisible = 0;
			defaultConfigurationName = Release;
		};
/* End XCConfigurationList section */

/* Begin XCRemoteSwiftPackageReference section */
		1E4879F1243AED1300048816 /* XCRemoteSwiftPackageReference "IQKeyboardManager" */ = {
			isa = XCRemoteSwiftPackageReference;
			repositoryURL = "https://github.com/hackiftekhar/IQKeyboardManager.git";
			requirement = {
				kind = upToNextMajorVersion;
				minimumVersion = 6.5.5;
			};
		};
		1EFE85CC240377060001D0C3 /* XCRemoteSwiftPackageReference "lottie-ios" */ = {
			isa = XCRemoteSwiftPackageReference;
			repositoryURL = "https://github.com/airbnb/lottie-ios";
			requirement = {
				kind = upToNextMajorVersion;
				minimumVersion = 3.1.6;
			};
		};
/* End XCRemoteSwiftPackageReference section */

/* Begin XCSwiftPackageProductDependency section */
		1E4879F2243AED1300048816 /* IQKeyboardManagerSwift */ = {
			isa = XCSwiftPackageProductDependency;
			package = 1E4879F1243AED1300048816 /* XCRemoteSwiftPackageReference "IQKeyboardManager" */;
			productName = IQKeyboardManagerSwift;
		};
		1EFE85CD240377060001D0C3 /* Lottie */ = {
			isa = XCSwiftPackageProductDependency;
			package = 1EFE85CC240377060001D0C3 /* XCRemoteSwiftPackageReference "lottie-ios" */;
			productName = Lottie;
		};
/* End XCSwiftPackageProductDependency section */

/* Begin XCVersionGroup section */
		1E9D785C23E10B4F0020FAFE /* Locations_App.xcdatamodeld */ = {
			isa = XCVersionGroup;
			children = (
				1E9D785D23E10B4F0020FAFE /* Locations_App.xcdatamodel */,
			);
			currentVersion = 1E9D785D23E10B4F0020FAFE /* Locations_App.xcdatamodel */;
			path = Locations_App.xcdatamodeld;
			sourceTree = "<group>";
			versionGroupType = wrapper.xcdatamodel;
		};
/* End XCVersionGroup section */
	};
	rootObject = 1E9D784D23E10B4F0020FAFE /* Project object */;
}
