// !$*UTF8*$!
{
	archiveVersion = 1;
	classes = {
	};
	objectVersion = 50;
	objects = {

/* Begin PBXBuildFile section */
		1E06D51023FE21AE00467799 /* UIImage+Additions.swift in Sources */ = {isa = PBXBuildFile; fileRef = 1E06D50F23FE21AE00467799 /* UIImage+Additions.swift */; };
		1E0F7C812402BD42001B033C /* VisitsHomeView.swift in Sources */ = {isa = PBXBuildFile; fileRef = 1E0F7C802402BD42001B033C /* VisitsHomeView.swift */; };
		1E0F7C832402CC5B001B033C /* ExpanadableFAB.swift in Sources */ = {isa = PBXBuildFile; fileRef = 1E0F7C822402CC5B001B033C /* ExpanadableFAB.swift */; };
		1E1D3DB623EF8B2500528241 /* VScroll.swift in Sources */ = {isa = PBXBuildFile; fileRef = 1E1D3DB523EF8B2500528241 /* VScroll.swift */; };
		1E22BF5D23E2970500926030 /* Route.gpx in Resources */ = {isa = PBXBuildFile; fileRef = 1E22BF5C23E2970500926030 /* Route.gpx */; };
		1E24927023EB52D200165280 /* ColorTextRow.swift in Sources */ = {isa = PBXBuildFile; fileRef = 1E24926F23EB52D200165280 /* ColorTextRow.swift */; };
		1E3FEB0D23E8CC7E000C4A0B /* EditTagView.swift in Sources */ = {isa = PBXBuildFile; fileRef = 1E3FEB0C23E8CC7E000C4A0B /* EditTagView.swift */; };
		1E3FEB1123E8CFDE000C4A0B /* AppColors.swift in Sources */ = {isa = PBXBuildFile; fileRef = 1E3FEB1023E8CFDE000C4A0B /* AppColors.swift */; };
		1E5AF45223E3CC0500A94F10 /* VisitsPreviewList.swift in Sources */ = {isa = PBXBuildFile; fileRef = 1E5AF45123E3CC0500A94F10 /* VisitsPreviewList.swift */; };
		1E5AF45423E3CCCA00A94F10 /* VisitPreviewCell.swift in Sources */ = {isa = PBXBuildFile; fileRef = 1E5AF45323E3CCCA00A94F10 /* VisitPreviewCell.swift */; };
		1E5AF45623E3E25E00A94F10 /* Formatter+Additions.swift in Sources */ = {isa = PBXBuildFile; fileRef = 1E5AF45523E3E25E00A94F10 /* Formatter+Additions.swift */; };
		1E5AF45823E3E2E500A94F10 /* Date+Additions.swift in Sources */ = {isa = PBXBuildFile; fileRef = 1E5AF45723E3E2E500A94F10 /* Date+Additions.swift */; };
		1E5DBEA723E9C6A000C86641 /* DisableModifier.swift in Sources */ = {isa = PBXBuildFile; fileRef = 1E5DBEA623E9C6A000C86641 /* DisableModifier.swift */; };
		1E5DBEA923E9C7A100C86641 /* OpacityModifier.swift in Sources */ = {isa = PBXBuildFile; fileRef = 1E5DBEA823E9C7A100C86641 /* OpacityModifier.swift */; };
		1E6D568723E5ED5B0044AB3A /* VisitDetailsView.swift in Sources */ = {isa = PBXBuildFile; fileRef = 1E6D568623E5ED5B0044AB3A /* VisitDetailsView.swift */; };
		1E6D568923E5EEB20044AB3A /* TagView.swift in Sources */ = {isa = PBXBuildFile; fileRef = 1E6D568823E5EEB20044AB3A /* TagView.swift */; };
		1E6D568B23E5F6F10044AB3A /* BImage.swift in Sources */ = {isa = PBXBuildFile; fileRef = 1E6D568A23E5F6F10044AB3A /* BImage.swift */; };
		1E6D568D23E5FEAC0044AB3A /* DayLabel.swift in Sources */ = {isa = PBXBuildFile; fileRef = 1E6D568C23E5FEAC0044AB3A /* DayLabel.swift */; };
		1E6D569423E653990044AB3A /* VSpace.swift in Sources */ = {isa = PBXBuildFile; fileRef = 1E6D569323E653990044AB3A /* VSpace.swift */; };
		1E7B618F23E284C600F9F974 /* MapView.swift in Sources */ = {isa = PBXBuildFile; fileRef = 1E7B618E23E284C600F9F974 /* MapView.swift */; };
		1E80278F23E5E9AC0043D119 /* VisitsForDayView.swift in Sources */ = {isa = PBXBuildFile; fileRef = 1E80278E23E5E9AC0043D119 /* VisitsForDayView.swift */; };
		1E8909CE23F880070008500E /* VisitCellConstants.swift in Sources */ = {isa = PBXBuildFile; fileRef = 1E8909CD23F880070008500E /* VisitCellConstants.swift */; };
		1E97274223EB57AE006528ED /* LocationVisitsView.swift in Sources */ = {isa = PBXBuildFile; fileRef = 1E97274123EB57AE006528ED /* LocationVisitsView.swift */; };
		1E9D785923E10B4F0020FAFE /* AppDelegate.swift in Sources */ = {isa = PBXBuildFile; fileRef = 1E9D785823E10B4F0020FAFE /* AppDelegate.swift */; };
		1E9D785B23E10B4F0020FAFE /* SceneDelegate.swift in Sources */ = {isa = PBXBuildFile; fileRef = 1E9D785A23E10B4F0020FAFE /* SceneDelegate.swift */; };
		1E9D785E23E10B4F0020FAFE /* Locations_App.xcdatamodeld in Sources */ = {isa = PBXBuildFile; fileRef = 1E9D785C23E10B4F0020FAFE /* Locations_App.xcdatamodeld */; };
		1E9D786023E10B4F0020FAFE /* RootView.swift in Sources */ = {isa = PBXBuildFile; fileRef = 1E9D785F23E10B4F0020FAFE /* RootView.swift */; };
		1E9D786223E10B520020FAFE /* Assets.xcassets in Resources */ = {isa = PBXBuildFile; fileRef = 1E9D786123E10B520020FAFE /* Assets.xcassets */; };
		1E9D786523E10B520020FAFE /* Preview Assets.xcassets in Resources */ = {isa = PBXBuildFile; fileRef = 1E9D786423E10B520020FAFE /* Preview Assets.xcassets */; };
		1E9D786823E10B520020FAFE /* LaunchScreen.storyboard in Resources */ = {isa = PBXBuildFile; fileRef = 1E9D786623E10B520020FAFE /* LaunchScreen.storyboard */; };
		1E9D787323E10B520020FAFE /* Locations_AppTests.swift in Sources */ = {isa = PBXBuildFile; fileRef = 1E9D787223E10B520020FAFE /* Locations_AppTests.swift */; };
		1E9D787E23E10B520020FAFE /* Locations_AppUITests.swift in Sources */ = {isa = PBXBuildFile; fileRef = 1E9D787D23E10B520020FAFE /* Locations_AppUITests.swift */; };
		1E9D788C23E10C670020FAFE /* LocationManager.swift in Sources */ = {isa = PBXBuildFile; fileRef = 1E9D788B23E10C670020FAFE /* LocationManager.swift */; };
		1E9D789023E10DE60020FAFE /* CloudKit.framework in Frameworks */ = {isa = PBXBuildFile; fileRef = 1E9D788F23E10DE60020FAFE /* CloudKit.framework */; };
		1E9D789723E124030020FAFE /* CoreData.swift in Sources */ = {isa = PBXBuildFile; fileRef = 1E9D789623E124030020FAFE /* CoreData.swift */; };
		1E9D789C23E125610020FAFE /* Visit+CoreDataClass.swift in Sources */ = {isa = PBXBuildFile; fileRef = 1E9D789823E125610020FAFE /* Visit+CoreDataClass.swift */; };
		1E9D789D23E125610020FAFE /* Visit+CoreDataProperties.swift in Sources */ = {isa = PBXBuildFile; fileRef = 1E9D789923E125610020FAFE /* Visit+CoreDataProperties.swift */; };
		1E9D789E23E125610020FAFE /* Tag+CoreDataClass.swift in Sources */ = {isa = PBXBuildFile; fileRef = 1E9D789A23E125610020FAFE /* Tag+CoreDataClass.swift */; };
		1E9D789F23E125610020FAFE /* Tag+CoreDataProperties.swift in Sources */ = {isa = PBXBuildFile; fileRef = 1E9D789B23E125610020FAFE /* Tag+CoreDataProperties.swift */; };
		1E9D78A123E12BC80020FAFE /* ReversedGeoLocation.swift in Sources */ = {isa = PBXBuildFile; fileRef = 1E9D78A023E12BC80020FAFE /* ReversedGeoLocation.swift */; };
		1EB865DF23F9D53F00A4B8E1 /* CustomTextField.swift in Sources */ = {isa = PBXBuildFile; fileRef = 1EB865DE23F9D53F00A4B8E1 /* CustomTextField.swift */; };
		1EB865E123F9E01400A4B8E1 /* UIApplication.swift in Sources */ = {isa = PBXBuildFile; fileRef = 1EB865E023F9E01400A4B8E1 /* UIApplication.swift */; };
		1EB865E423F9EC3C00A4B8E1 /* ScaleButtonStyle.swift in Sources */ = {isa = PBXBuildFile; fileRef = 1EB865E323F9EC3C00A4B8E1 /* ScaleButtonStyle.swift */; };
		1EE2CF5323E7A5EC009760D6 /* UserLocationButton.swift in Sources */ = {isa = PBXBuildFile; fileRef = 1EE2CF5223E7A5EC009760D6 /* UserLocationButton.swift */; };
		1EE2CF5523E7CE4B009760D6 /* UIColor+Additions.swift in Sources */ = {isa = PBXBuildFile; fileRef = 1EE2CF5423E7CE4B009760D6 /* UIColor+Additions.swift */; };
		1EE2CF5723E7CF49009760D6 /* UIColorInputError.swift in Sources */ = {isa = PBXBuildFile; fileRef = 1EE2CF5623E7CF49009760D6 /* UIColorInputError.swift */; };
		1EE2CF5923E7D2C2009760D6 /* CustomAnnotationView.swift in Sources */ = {isa = PBXBuildFile; fileRef = 1EE2CF5823E7D2C2009760D6 /* CustomAnnotationView.swift */; };
		1EF6227123FF21C400B28DCF /* Mapbox.framework in Frameworks */ = {isa = PBXBuildFile; fileRef = 1EF6227023FF21C400B28DCF /* Mapbox.framework */; };
		1EF6227223FF21C400B28DCF /* Mapbox.framework in Embed Frameworks */ = {isa = PBXBuildFile; fileRef = 1EF6227023FF21C400B28DCF /* Mapbox.framework */; settings = {ATTRIBUTES = (CodeSignOnCopy, RemoveHeadersOnCopy, ); }; };
		1EF6227423FF21C800B28DCF /* MapboxMobileEvents.framework in Frameworks */ = {isa = PBXBuildFile; fileRef = 1EF6227323FF21C800B28DCF /* MapboxMobileEvents.framework */; };
		1EF6227523FF21C800B28DCF /* MapboxMobileEvents.framework in Embed Frameworks */ = {isa = PBXBuildFile; fileRef = 1EF6227323FF21C800B28DCF /* MapboxMobileEvents.framework */; settings = {ATTRIBUTES = (CodeSignOnCopy, RemoveHeadersOnCopy, ); }; };
		1EFC8DC323E7238A00628251 /* StaticMapView.swift in Sources */ = {isa = PBXBuildFile; fileRef = 1EFC8DC223E7238A00628251 /* StaticMapView.swift */; };
		1EFC8DC523E76B4200628251 /* AnyTransition.swift in Sources */ = {isa = PBXBuildFile; fileRef = 1EFC8DC423E76B4200628251 /* AnyTransition.swift */; };
		1EFE9F4723FC225D00E94D67 /* MGLMapView+Default.swift in Sources */ = {isa = PBXBuildFile; fileRef = 1EFE9F4623FC225D00E94D67 /* MGLMapView+Default.swift */; };
		1EFF839523E49E0900FF04A1 /* DaySideBar.swift in Sources */ = {isa = PBXBuildFile; fileRef = 1EFF839423E49E0900FF04A1 /* DaySideBar.swift */; };
		1EFF839723E4A4F900FF04A1 /* MonthYearSideBar.swift in Sources */ = {isa = PBXBuildFile; fileRef = 1EFF839623E4A4F900FF04A1 /* MonthYearSideBar.swift */; };
		1EFF839B23E4BC9800FF04A1 /* Dictionary+Additions.swift in Sources */ = {isa = PBXBuildFile; fileRef = 1EFF839A23E4BC9800FF04A1 /* Dictionary+Additions.swift */; };
		1EFF839D23E4BF2F00FF04A1 /* DateComponents+Additions.swift in Sources */ = {isa = PBXBuildFile; fileRef = 1EFF839C23E4BF2F00FF04A1 /* DateComponents+Additions.swift */; };
		1EFF839F23E4CE7500FF04A1 /* DayPreviewBlock.swift in Sources */ = {isa = PBXBuildFile; fileRef = 1EFF839E23E4CE7500FF04A1 /* DayPreviewBlock.swift */; };
		1EFF83A323E4E27800FF04A1 /* RandomAccessCollection+Additions.swift in Sources */ = {isa = PBXBuildFile; fileRef = 1EFF83A223E4E27800FF04A1 /* RandomAccessCollection+Additions.swift */; };
		1EFF83A823E52B9000FF04A1 /* SizePreferenceKey.swift in Sources */ = {isa = PBXBuildFile; fileRef = 1EFF83A723E52B9000FF04A1 /* SizePreferenceKey.swift */; };
		1EFF83AB23E52BC700FF04A1 /* SizeModifier.swift in Sources */ = {isa = PBXBuildFile; fileRef = 1EFF83AA23E52BC700FF04A1 /* SizeModifier.swift */; };
		1EFF83AD23E52D5800FF04A1 /* View+Extensions.swift in Sources */ = {isa = PBXBuildFile; fileRef = 1EFF83AC23E52D5800FF04A1 /* View+Extensions.swift */; };
		1EFF83AF23E52E5900FF04A1 /* RotatedModifier.swift in Sources */ = {isa = PBXBuildFile; fileRef = 1EFF83AE23E52E5900FF04A1 /* RotatedModifier.swift */; };
		1EFF83B123E532FA00FF04A1 /* Array+Additions.swift in Sources */ = {isa = PBXBuildFile; fileRef = 1EFF83B023E532FA00FF04A1 /* Array+Additions.swift */; };
		1EFF83B323E5365E00FF04A1 /* H0Stack.swift in Sources */ = {isa = PBXBuildFile; fileRef = 1EFF83B223E5365E00FF04A1 /* H0Stack.swift */; };
		1EFF83B523E5368900FF04A1 /* V0Stack.swift in Sources */ = {isa = PBXBuildFile; fileRef = 1EFF83B423E5368900FF04A1 /* V0Stack.swift */; };
		1EFF83B723E53ACB00FF04A1 /* EdgeModifier.swift in Sources */ = {isa = PBXBuildFile; fileRef = 1EFF83B623E53ACB00FF04A1 /* EdgeModifier.swift */; };
		1EFF83B923E53BC200FF04A1 /* ScreenColor.swift in Sources */ = {isa = PBXBuildFile; fileRef = 1EFF83B823E53BC200FF04A1 /* ScreenColor.swift */; };
		1EFFA58623E89A3400914607 /* LocationAnnotation.swift in Sources */ = {isa = PBXBuildFile; fileRef = 1EFFA58523E89A3400914607 /* LocationAnnotation.swift */; };
		1EFFA58B23E8B1E700914607 /* Location+CoreDataClass.swift in Sources */ = {isa = PBXBuildFile; fileRef = 1EFFA58923E8B1E700914607 /* Location+CoreDataClass.swift */; };
		1EFFA58C23E8B1E700914607 /* Location+CoreDataProperties.swift in Sources */ = {isa = PBXBuildFile; fileRef = 1EFFA58A23E8B1E700914607 /* Location+CoreDataProperties.swift */; };
/* End PBXBuildFile section */

/* Begin PBXContainerItemProxy section */
		1E9D786F23E10B520020FAFE /* PBXContainerItemProxy */ = {
			isa = PBXContainerItemProxy;
			containerPortal = 1E9D784D23E10B4F0020FAFE /* Project object */;
			proxyType = 1;
			remoteGlobalIDString = 1E9D785423E10B4F0020FAFE;
			remoteInfo = "Locations App";
		};
		1E9D787A23E10B520020FAFE /* PBXContainerItemProxy */ = {
			isa = PBXContainerItemProxy;
			containerPortal = 1E9D784D23E10B4F0020FAFE /* Project object */;
			proxyType = 1;
			remoteGlobalIDString = 1E9D785423E10B4F0020FAFE;
			remoteInfo = "Locations App";
		};
/* End PBXContainerItemProxy section */

/* Begin PBXCopyFilesBuildPhase section */
		1EE2CF4D23E786AF009760D6 /* Embed Frameworks */ = {
			isa = PBXCopyFilesBuildPhase;
			buildActionMask = 2147483647;
			dstPath = "";
			dstSubfolderSpec = 10;
			files = (
				1EF6227523FF21C800B28DCF /* MapboxMobileEvents.framework in Embed Frameworks */,
				1EF6227223FF21C400B28DCF /* Mapbox.framework in Embed Frameworks */,
			);
			name = "Embed Frameworks";
			runOnlyForDeploymentPostprocessing = 0;
		};
/* End PBXCopyFilesBuildPhase section */

/* Begin PBXFileReference section */
		1E06D50F23FE21AE00467799 /* UIImage+Additions.swift */ = {isa = PBXFileReference; lastKnownFileType = sourcecode.swift; path = "UIImage+Additions.swift"; sourceTree = "<group>"; };
		1E0F7C802402BD42001B033C /* VisitsHomeView.swift */ = {isa = PBXFileReference; lastKnownFileType = sourcecode.swift; path = VisitsHomeView.swift; sourceTree = "<group>"; };
		1E0F7C822402CC5B001B033C /* ExpanadableFAB.swift */ = {isa = PBXFileReference; lastKnownFileType = sourcecode.swift; path = ExpanadableFAB.swift; sourceTree = "<group>"; };
		1E1D3DB523EF8B2500528241 /* VScroll.swift */ = {isa = PBXFileReference; lastKnownFileType = sourcecode.swift; path = VScroll.swift; sourceTree = "<group>"; };
		1E22BF5C23E2970500926030 /* Route.gpx */ = {isa = PBXFileReference; fileEncoding = 4; lastKnownFileType = text.xml; path = Route.gpx; sourceTree = "<group>"; };
		1E24926F23EB52D200165280 /* ColorTextRow.swift */ = {isa = PBXFileReference; lastKnownFileType = sourcecode.swift; path = ColorTextRow.swift; sourceTree = "<group>"; };
		1E3FEB0C23E8CC7E000C4A0B /* EditTagView.swift */ = {isa = PBXFileReference; lastKnownFileType = sourcecode.swift; path = EditTagView.swift; sourceTree = "<group>"; };
		1E3FEB1023E8CFDE000C4A0B /* AppColors.swift */ = {isa = PBXFileReference; lastKnownFileType = sourcecode.swift; path = AppColors.swift; sourceTree = "<group>"; };
		1E5AF45123E3CC0500A94F10 /* VisitsPreviewList.swift */ = {isa = PBXFileReference; lastKnownFileType = sourcecode.swift; path = VisitsPreviewList.swift; sourceTree = "<group>"; };
		1E5AF45323E3CCCA00A94F10 /* VisitPreviewCell.swift */ = {isa = PBXFileReference; lastKnownFileType = sourcecode.swift; path = VisitPreviewCell.swift; sourceTree = "<group>"; };
		1E5AF45523E3E25E00A94F10 /* Formatter+Additions.swift */ = {isa = PBXFileReference; lastKnownFileType = sourcecode.swift; path = "Formatter+Additions.swift"; sourceTree = "<group>"; };
		1E5AF45723E3E2E500A94F10 /* Date+Additions.swift */ = {isa = PBXFileReference; lastKnownFileType = sourcecode.swift; path = "Date+Additions.swift"; sourceTree = "<group>"; };
		1E5DBEA623E9C6A000C86641 /* DisableModifier.swift */ = {isa = PBXFileReference; lastKnownFileType = sourcecode.swift; path = DisableModifier.swift; sourceTree = "<group>"; };
		1E5DBEA823E9C7A100C86641 /* OpacityModifier.swift */ = {isa = PBXFileReference; lastKnownFileType = sourcecode.swift; path = OpacityModifier.swift; sourceTree = "<group>"; };
		1E6D568623E5ED5B0044AB3A /* VisitDetailsView.swift */ = {isa = PBXFileReference; lastKnownFileType = sourcecode.swift; path = VisitDetailsView.swift; sourceTree = "<group>"; };
		1E6D568823E5EEB20044AB3A /* TagView.swift */ = {isa = PBXFileReference; lastKnownFileType = sourcecode.swift; path = TagView.swift; sourceTree = "<group>"; };
		1E6D568A23E5F6F10044AB3A /* BImage.swift */ = {isa = PBXFileReference; lastKnownFileType = sourcecode.swift; path = BImage.swift; sourceTree = "<group>"; };
		1E6D568C23E5FEAC0044AB3A /* DayLabel.swift */ = {isa = PBXFileReference; lastKnownFileType = sourcecode.swift; path = DayLabel.swift; sourceTree = "<group>"; };
		1E6D569323E653990044AB3A /* VSpace.swift */ = {isa = PBXFileReference; lastKnownFileType = sourcecode.swift; path = VSpace.swift; sourceTree = "<group>"; };
		1E7B618E23E284C600F9F974 /* MapView.swift */ = {isa = PBXFileReference; lastKnownFileType = sourcecode.swift; path = MapView.swift; sourceTree = "<group>"; };
		1E80278E23E5E9AC0043D119 /* VisitsForDayView.swift */ = {isa = PBXFileReference; lastKnownFileType = sourcecode.swift; path = VisitsForDayView.swift; sourceTree = "<group>"; };
		1E8909CD23F880070008500E /* VisitCellConstants.swift */ = {isa = PBXFileReference; lastKnownFileType = sourcecode.swift; path = VisitCellConstants.swift; sourceTree = "<group>"; };
		1E97274123EB57AE006528ED /* LocationVisitsView.swift */ = {isa = PBXFileReference; lastKnownFileType = sourcecode.swift; path = LocationVisitsView.swift; sourceTree = "<group>"; };
		1E9D785523E10B4F0020FAFE /* Locations App.app */ = {isa = PBXFileReference; explicitFileType = wrapper.application; includeInIndex = 0; path = "Locations App.app"; sourceTree = BUILT_PRODUCTS_DIR; };
		1E9D785823E10B4F0020FAFE /* AppDelegate.swift */ = {isa = PBXFileReference; lastKnownFileType = sourcecode.swift; path = AppDelegate.swift; sourceTree = "<group>"; };
		1E9D785A23E10B4F0020FAFE /* SceneDelegate.swift */ = {isa = PBXFileReference; lastKnownFileType = sourcecode.swift; path = SceneDelegate.swift; sourceTree = "<group>"; };
		1E9D785D23E10B4F0020FAFE /* Locations_App.xcdatamodel */ = {isa = PBXFileReference; lastKnownFileType = wrapper.xcdatamodel; path = Locations_App.xcdatamodel; sourceTree = "<group>"; };
		1E9D785F23E10B4F0020FAFE /* RootView.swift */ = {isa = PBXFileReference; lastKnownFileType = sourcecode.swift; path = RootView.swift; sourceTree = "<group>"; };
		1E9D786123E10B520020FAFE /* Assets.xcassets */ = {isa = PBXFileReference; lastKnownFileType = folder.assetcatalog; path = Assets.xcassets; sourceTree = "<group>"; };
		1E9D786423E10B520020FAFE /* Preview Assets.xcassets */ = {isa = PBXFileReference; lastKnownFileType = folder.assetcatalog; path = "Preview Assets.xcassets"; sourceTree = "<group>"; };
		1E9D786723E10B520020FAFE /* Base */ = {isa = PBXFileReference; lastKnownFileType = file.storyboard; name = Base; path = Base.lproj/LaunchScreen.storyboard; sourceTree = "<group>"; };
		1E9D786923E10B520020FAFE /* Info.plist */ = {isa = PBXFileReference; lastKnownFileType = text.plist.xml; path = Info.plist; sourceTree = "<group>"; };
		1E9D786E23E10B520020FAFE /* Locations AppTests.xctest */ = {isa = PBXFileReference; explicitFileType = wrapper.cfbundle; includeInIndex = 0; path = "Locations AppTests.xctest"; sourceTree = BUILT_PRODUCTS_DIR; };
		1E9D787223E10B520020FAFE /* Locations_AppTests.swift */ = {isa = PBXFileReference; lastKnownFileType = sourcecode.swift; path = Locations_AppTests.swift; sourceTree = "<group>"; };
		1E9D787423E10B520020FAFE /* Info.plist */ = {isa = PBXFileReference; lastKnownFileType = text.plist.xml; path = Info.plist; sourceTree = "<group>"; };
		1E9D787923E10B520020FAFE /* Locations AppUITests.xctest */ = {isa = PBXFileReference; explicitFileType = wrapper.cfbundle; includeInIndex = 0; path = "Locations AppUITests.xctest"; sourceTree = BUILT_PRODUCTS_DIR; };
		1E9D787D23E10B520020FAFE /* Locations_AppUITests.swift */ = {isa = PBXFileReference; lastKnownFileType = sourcecode.swift; path = Locations_AppUITests.swift; sourceTree = "<group>"; };
		1E9D787F23E10B520020FAFE /* Info.plist */ = {isa = PBXFileReference; lastKnownFileType = text.plist.xml; path = Info.plist; sourceTree = "<group>"; };
		1E9D788B23E10C670020FAFE /* LocationManager.swift */ = {isa = PBXFileReference; lastKnownFileType = sourcecode.swift; path = LocationManager.swift; sourceTree = "<group>"; };
		1E9D788D23E10DE30020FAFE /* Locations App.entitlements */ = {isa = PBXFileReference; lastKnownFileType = text.plist.entitlements; path = "Locations App.entitlements"; sourceTree = "<group>"; };
		1E9D788F23E10DE60020FAFE /* CloudKit.framework */ = {isa = PBXFileReference; lastKnownFileType = wrapper.framework; name = CloudKit.framework; path = System/Library/Frameworks/CloudKit.framework; sourceTree = SDKROOT; };
		1E9D789623E124030020FAFE /* CoreData.swift */ = {isa = PBXFileReference; lastKnownFileType = sourcecode.swift; path = CoreData.swift; sourceTree = "<group>"; };
		1E9D789823E125610020FAFE /* Visit+CoreDataClass.swift */ = {isa = PBXFileReference; lastKnownFileType = sourcecode.swift; path = "Visit+CoreDataClass.swift"; sourceTree = "<group>"; };
		1E9D789923E125610020FAFE /* Visit+CoreDataProperties.swift */ = {isa = PBXFileReference; lastKnownFileType = sourcecode.swift; path = "Visit+CoreDataProperties.swift"; sourceTree = "<group>"; };
		1E9D789A23E125610020FAFE /* Tag+CoreDataClass.swift */ = {isa = PBXFileReference; lastKnownFileType = sourcecode.swift; path = "Tag+CoreDataClass.swift"; sourceTree = "<group>"; };
		1E9D789B23E125610020FAFE /* Tag+CoreDataProperties.swift */ = {isa = PBXFileReference; lastKnownFileType = sourcecode.swift; path = "Tag+CoreDataProperties.swift"; sourceTree = "<group>"; };
		1E9D78A023E12BC80020FAFE /* ReversedGeoLocation.swift */ = {isa = PBXFileReference; lastKnownFileType = sourcecode.swift; path = ReversedGeoLocation.swift; sourceTree = "<group>"; };
		1EB865DE23F9D53F00A4B8E1 /* CustomTextField.swift */ = {isa = PBXFileReference; lastKnownFileType = sourcecode.swift; path = CustomTextField.swift; sourceTree = "<group>"; };
		1EB865E023F9E01400A4B8E1 /* UIApplication.swift */ = {isa = PBXFileReference; lastKnownFileType = sourcecode.swift; path = UIApplication.swift; sourceTree = "<group>"; };
		1EB865E323F9EC3C00A4B8E1 /* ScaleButtonStyle.swift */ = {isa = PBXFileReference; lastKnownFileType = sourcecode.swift; path = ScaleButtonStyle.swift; sourceTree = "<group>"; };
		1EE2CF5223E7A5EC009760D6 /* UserLocationButton.swift */ = {isa = PBXFileReference; lastKnownFileType = sourcecode.swift; path = UserLocationButton.swift; sourceTree = "<group>"; };
		1EE2CF5423E7CE4B009760D6 /* UIColor+Additions.swift */ = {isa = PBXFileReference; lastKnownFileType = sourcecode.swift; path = "UIColor+Additions.swift"; sourceTree = "<group>"; };
		1EE2CF5623E7CF49009760D6 /* UIColorInputError.swift */ = {isa = PBXFileReference; lastKnownFileType = sourcecode.swift; path = UIColorInputError.swift; sourceTree = "<group>"; };
		1EE2CF5823E7D2C2009760D6 /* CustomAnnotationView.swift */ = {isa = PBXFileReference; lastKnownFileType = sourcecode.swift; path = CustomAnnotationView.swift; sourceTree = "<group>"; };
		1EF6227023FF21C400B28DCF /* Mapbox.framework */ = {isa = PBXFileReference; lastKnownFileType = wrapper.framework; name = Mapbox.framework; path = Carthage/Build/iOS/Mapbox.framework; sourceTree = "<group>"; };
		1EF6227323FF21C800B28DCF /* MapboxMobileEvents.framework */ = {isa = PBXFileReference; lastKnownFileType = wrapper.framework; name = MapboxMobileEvents.framework; path = Carthage/Build/iOS/MapboxMobileEvents.framework; sourceTree = "<group>"; };
		1EFC8DC223E7238A00628251 /* StaticMapView.swift */ = {isa = PBXFileReference; lastKnownFileType = sourcecode.swift; path = StaticMapView.swift; sourceTree = "<group>"; };
		1EFC8DC423E76B4200628251 /* AnyTransition.swift */ = {isa = PBXFileReference; lastKnownFileType = sourcecode.swift; path = AnyTransition.swift; sourceTree = "<group>"; };
		1EFE9F4623FC225D00E94D67 /* MGLMapView+Default.swift */ = {isa = PBXFileReference; lastKnownFileType = sourcecode.swift; path = "MGLMapView+Default.swift"; sourceTree = "<group>"; };
		1EFF839423E49E0900FF04A1 /* DaySideBar.swift */ = {isa = PBXFileReference; lastKnownFileType = sourcecode.swift; path = DaySideBar.swift; sourceTree = "<group>"; };
		1EFF839623E4A4F900FF04A1 /* MonthYearSideBar.swift */ = {isa = PBXFileReference; lastKnownFileType = sourcecode.swift; path = MonthYearSideBar.swift; sourceTree = "<group>"; };
		1EFF839A23E4BC9800FF04A1 /* Dictionary+Additions.swift */ = {isa = PBXFileReference; lastKnownFileType = sourcecode.swift; path = "Dictionary+Additions.swift"; sourceTree = "<group>"; };
		1EFF839C23E4BF2F00FF04A1 /* DateComponents+Additions.swift */ = {isa = PBXFileReference; lastKnownFileType = sourcecode.swift; path = "DateComponents+Additions.swift"; sourceTree = "<group>"; };
		1EFF839E23E4CE7500FF04A1 /* DayPreviewBlock.swift */ = {isa = PBXFileReference; lastKnownFileType = sourcecode.swift; path = DayPreviewBlock.swift; sourceTree = "<group>"; };
		1EFF83A223E4E27800FF04A1 /* RandomAccessCollection+Additions.swift */ = {isa = PBXFileReference; lastKnownFileType = sourcecode.swift; path = "RandomAccessCollection+Additions.swift"; sourceTree = "<group>"; };
		1EFF83A723E52B9000FF04A1 /* SizePreferenceKey.swift */ = {isa = PBXFileReference; lastKnownFileType = sourcecode.swift; path = SizePreferenceKey.swift; sourceTree = "<group>"; };
		1EFF83AA23E52BC700FF04A1 /* SizeModifier.swift */ = {isa = PBXFileReference; lastKnownFileType = sourcecode.swift; path = SizeModifier.swift; sourceTree = "<group>"; };
		1EFF83AC23E52D5800FF04A1 /* View+Extensions.swift */ = {isa = PBXFileReference; lastKnownFileType = sourcecode.swift; path = "View+Extensions.swift"; sourceTree = "<group>"; };
		1EFF83AE23E52E5900FF04A1 /* RotatedModifier.swift */ = {isa = PBXFileReference; lastKnownFileType = sourcecode.swift; path = RotatedModifier.swift; sourceTree = "<group>"; };
		1EFF83B023E532FA00FF04A1 /* Array+Additions.swift */ = {isa = PBXFileReference; lastKnownFileType = sourcecode.swift; path = "Array+Additions.swift"; sourceTree = "<group>"; };
		1EFF83B223E5365E00FF04A1 /* H0Stack.swift */ = {isa = PBXFileReference; lastKnownFileType = sourcecode.swift; path = H0Stack.swift; sourceTree = "<group>"; };
		1EFF83B423E5368900FF04A1 /* V0Stack.swift */ = {isa = PBXFileReference; lastKnownFileType = sourcecode.swift; path = V0Stack.swift; sourceTree = "<group>"; };
		1EFF83B623E53ACB00FF04A1 /* EdgeModifier.swift */ = {isa = PBXFileReference; lastKnownFileType = sourcecode.swift; path = EdgeModifier.swift; sourceTree = "<group>"; };
		1EFF83B823E53BC200FF04A1 /* ScreenColor.swift */ = {isa = PBXFileReference; lastKnownFileType = sourcecode.swift; path = ScreenColor.swift; sourceTree = "<group>"; };
		1EFFA58523E89A3400914607 /* LocationAnnotation.swift */ = {isa = PBXFileReference; lastKnownFileType = sourcecode.swift; path = LocationAnnotation.swift; sourceTree = "<group>"; };
		1EFFA58923E8B1E700914607 /* Location+CoreDataClass.swift */ = {isa = PBXFileReference; lastKnownFileType = sourcecode.swift; path = "Location+CoreDataClass.swift"; sourceTree = "<group>"; };
		1EFFA58A23E8B1E700914607 /* Location+CoreDataProperties.swift */ = {isa = PBXFileReference; lastKnownFileType = sourcecode.swift; path = "Location+CoreDataProperties.swift"; sourceTree = "<group>"; };
/* End PBXFileReference section */

/* Begin PBXFrameworksBuildPhase section */
		1E9D785223E10B4F0020FAFE /* Frameworks */ = {
			isa = PBXFrameworksBuildPhase;
			buildActionMask = 2147483647;
			files = (
				1EF6227423FF21C800B28DCF /* MapboxMobileEvents.framework in Frameworks */,
				1E9D789023E10DE60020FAFE /* CloudKit.framework in Frameworks */,
				1EF6227123FF21C400B28DCF /* Mapbox.framework in Frameworks */,
			);
			runOnlyForDeploymentPostprocessing = 0;
		};
		1E9D786B23E10B520020FAFE /* Frameworks */ = {
			isa = PBXFrameworksBuildPhase;
			buildActionMask = 2147483647;
			files = (
			);
			runOnlyForDeploymentPostprocessing = 0;
		};
		1E9D787623E10B520020FAFE /* Frameworks */ = {
			isa = PBXFrameworksBuildPhase;
			buildActionMask = 2147483647;
			files = (
			);
			runOnlyForDeploymentPostprocessing = 0;
		};
/* End PBXFrameworksBuildPhase section */

/* Begin PBXGroup section */
		1E0F7C7F2402BD11001B033C /* Visits Home View */ = {
			isa = PBXGroup;
			children = (
				1E0F7C802402BD42001B033C /* VisitsHomeView.swift */,
				1E726FF62402FA07002FC8DB /* Components */,
			);
			path = "Visits Home View";
			sourceTree = "<group>";
		};
		1E24927123EB53DA00165280 /* Map */ = {
			isa = PBXGroup;
			children = (
				1E7B618E23E284C600F9F974 /* MapView.swift */,
				1EE2CF5223E7A5EC009760D6 /* UserLocationButton.swift */,
			);
			path = Map;
			sourceTree = "<group>";
		};
		1E24927223EB542200165280 /* Visits Preview */ = {
			isa = PBXGroup;
			children = (
				1E5AF45123E3CC0500A94F10 /* VisitsPreviewList.swift */,
				1E24927623EB558800165280 /* Components */,
			);
			path = "Visits Preview";
			sourceTree = "<group>";
		};
		1E24927323EB54A600165280 /* Edit Tag */ = {
			isa = PBXGroup;
			children = (
				1E3FEB0C23E8CC7E000C4A0B /* EditTagView.swift */,
				1E24927423EB554500165280 /* Components */,
			);
			path = "Edit Tag";
			sourceTree = "<group>";
		};
		1E24927423EB554500165280 /* Components */ = {
			isa = PBXGroup;
			children = (
				1E24926F23EB52D200165280 /* ColorTextRow.swift */,
			);
			path = Components;
			sourceTree = "<group>";
		};
		1E24927523EB557E00165280 /* Components */ = {
			isa = PBXGroup;
			children = (
				1E6D568C23E5FEAC0044AB3A /* DayLabel.swift */,
				1E6D568623E5ED5B0044AB3A /* VisitDetailsView.swift */,
				1EFC8DC223E7238A00628251 /* StaticMapView.swift */,
			);
			path = Components;
			sourceTree = "<group>";
		};
		1E24927623EB558800165280 /* Components */ = {
			isa = PBXGroup;
			children = (
				1EFF839E23E4CE7500FF04A1 /* DayPreviewBlock.swift */,
				1E5AF45323E3CCCA00A94F10 /* VisitPreviewCell.swift */,
				1EFF839423E49E0900FF04A1 /* DaySideBar.swift */,
				1EFF839623E4A4F900FF04A1 /* MonthYearSideBar.swift */,
			);
			path = Components;
			sourceTree = "<group>";
		};
		1E726FF62402FA07002FC8DB /* Components */ = {
			isa = PBXGroup;
			children = (
				1E0F7C822402CC5B001B033C /* ExpanadableFAB.swift */,
			);
			path = Components;
			sourceTree = "<group>";
		};
		1E7B618C23E284A700F9F974 /* Common */ = {
			isa = PBXGroup;
			children = (
				1EFF83B223E5365E00FF04A1 /* H0Stack.swift */,
				1EFF83B423E5368900FF04A1 /* V0Stack.swift */,
				1EFF83B823E53BC200FF04A1 /* ScreenColor.swift */,
				1E6D568823E5EEB20044AB3A /* TagView.swift */,
				1E6D568A23E5F6F10044AB3A /* BImage.swift */,
				1E6D569323E653990044AB3A /* VSpace.swift */,
				1E1D3DB523EF8B2500528241 /* VScroll.swift */,
				1EB865DE23F9D53F00A4B8E1 /* CustomTextField.swift */,
			);
			path = Common;
			sourceTree = "<group>";
		};
		1E7B618D23E284B700F9F974 /* Screens */ = {
			isa = PBXGroup;
			children = (
				1E9D785F23E10B4F0020FAFE /* RootView.swift */,
				1E24927123EB53DA00165280 /* Map */,
				1E24927323EB54A600165280 /* Edit Tag */,
				1E97274023EB5796006528ED /* Location Visits */,
				1E0F7C7F2402BD11001B033C /* Visits Home View */,
				1E24927223EB542200165280 /* Visits Preview */,
				1E80279223E5EAA40043D119 /* Day Details */,
			);
			path = Screens;
			sourceTree = "<group>";
		};
		1E80279223E5EAA40043D119 /* Day Details */ = {
			isa = PBXGroup;
			children = (
				1E80278E23E5E9AC0043D119 /* VisitsForDayView.swift */,
				1E24927523EB557E00165280 /* Components */,
			);
			path = "Day Details";
			sourceTree = "<group>";
		};
		1E97274023EB5796006528ED /* Location Visits */ = {
			isa = PBXGroup;
			children = (
				1E97274123EB57AE006528ED /* LocationVisitsView.swift */,
			);
			path = "Location Visits";
			sourceTree = "<group>";
		};
		1E9D784C23E10B4F0020FAFE = {
			isa = PBXGroup;
			children = (
				1E9D785723E10B4F0020FAFE /* Locations App */,
				1E9D787123E10B520020FAFE /* Locations AppTests */,
				1E9D787C23E10B520020FAFE /* Locations AppUITests */,
				1E9D785623E10B4F0020FAFE /* Products */,
				1E9D788E23E10DE60020FAFE /* Frameworks */,
			);
			sourceTree = "<group>";
		};
		1E9D785623E10B4F0020FAFE /* Products */ = {
			isa = PBXGroup;
			children = (
				1E9D785523E10B4F0020FAFE /* Locations App.app */,
				1E9D786E23E10B520020FAFE /* Locations AppTests.xctest */,
				1E9D787923E10B520020FAFE /* Locations AppUITests.xctest */,
			);
			name = Products;
			sourceTree = "<group>";
		};
		1E9D785723E10B4F0020FAFE /* Locations App */ = {
			isa = PBXGroup;
			children = (
				1E9D785823E10B4F0020FAFE /* AppDelegate.swift */,
				1E9D785A23E10B4F0020FAFE /* SceneDelegate.swift */,
				1E9D789523E123FC0020FAFE /* CoreData */,
				1EFD54FE23E14F5500C02BBD /* Services */,
				1E9D78A723E1497F0020FAFE /* Models */,
				1E9D78A523E149160020FAFE /* Views */,
				1EB865E223F9EC2D00A4B8E1 /* Button Styles */,
				1EFF83A623E52B7A00FF04A1 /* PreferenceKeys */,
				1EFF83A923E52BBA00FF04A1 /* View Modifiers */,
				1E9D78A223E13C5E0020FAFE /* Extensions */,
				1E9D78A623E149290020FAFE /* Resources */,
			);
			path = "Locations App";
			sourceTree = "<group>";
		};
		1E9D787123E10B520020FAFE /* Locations AppTests */ = {
			isa = PBXGroup;
			children = (
				1E9D787223E10B520020FAFE /* Locations_AppTests.swift */,
				1E9D787423E10B520020FAFE /* Info.plist */,
			);
			path = "Locations AppTests";
			sourceTree = "<group>";
		};
		1E9D787C23E10B520020FAFE /* Locations AppUITests */ = {
			isa = PBXGroup;
			children = (
				1E9D787D23E10B520020FAFE /* Locations_AppUITests.swift */,
				1E9D787F23E10B520020FAFE /* Info.plist */,
			);
			path = "Locations AppUITests";
			sourceTree = "<group>";
		};
		1E9D788E23E10DE60020FAFE /* Frameworks */ = {
			isa = PBXGroup;
			children = (
				1EF6227323FF21C800B28DCF /* MapboxMobileEvents.framework */,
				1EF6227023FF21C400B28DCF /* Mapbox.framework */,
				1E9D788F23E10DE60020FAFE /* CloudKit.framework */,
			);
			name = Frameworks;
			sourceTree = "<group>";
		};
		1E9D789523E123FC0020FAFE /* CoreData */ = {
			isa = PBXGroup;
			children = (
				1E9D789623E124030020FAFE /* CoreData.swift */,
				1E9D785C23E10B4F0020FAFE /* Locations_App.xcdatamodeld */,
				1EFFA58923E8B1E700914607 /* Location+CoreDataClass.swift */,
				1EFFA58A23E8B1E700914607 /* Location+CoreDataProperties.swift */,
				1E9D789823E125610020FAFE /* Visit+CoreDataClass.swift */,
				1E9D789923E125610020FAFE /* Visit+CoreDataProperties.swift */,
				1E9D789A23E125610020FAFE /* Tag+CoreDataClass.swift */,
				1E9D789B23E125610020FAFE /* Tag+CoreDataProperties.swift */,
			);
			path = CoreData;
			sourceTree = "<group>";
		};
		1E9D78A223E13C5E0020FAFE /* Extensions */ = {
			isa = PBXGroup;
			children = (
				1E5AF45523E3E25E00A94F10 /* Formatter+Additions.swift */,
				1E5AF45723E3E2E500A94F10 /* Date+Additions.swift */,
				1EFF839A23E4BC9800FF04A1 /* Dictionary+Additions.swift */,
				1EFF839C23E4BF2F00FF04A1 /* DateComponents+Additions.swift */,
				1EFF83A223E4E27800FF04A1 /* RandomAccessCollection+Additions.swift */,
				1EFF83AC23E52D5800FF04A1 /* View+Extensions.swift */,
				1EFF83B023E532FA00FF04A1 /* Array+Additions.swift */,
				1EFC8DC423E76B4200628251 /* AnyTransition.swift */,
				1EE2CF5423E7CE4B009760D6 /* UIColor+Additions.swift */,
				1EB865E023F9E01400A4B8E1 /* UIApplication.swift */,
				1EFE9F4623FC225D00E94D67 /* MGLMapView+Default.swift */,
				1E06D50F23FE21AE00467799 /* UIImage+Additions.swift */,
			);
			path = Extensions;
			sourceTree = "<group>";
		};
		1E9D78A523E149160020FAFE /* Views */ = {
			isa = PBXGroup;
			children = (
				1E7B618C23E284A700F9F974 /* Common */,
				1E7B618D23E284B700F9F974 /* Screens */,
			);
			path = Views;
			sourceTree = "<group>";
		};
		1E9D78A623E149290020FAFE /* Resources */ = {
			isa = PBXGroup;
			children = (
				1E22BF5C23E2970500926030 /* Route.gpx */,
				1E9D786423E10B520020FAFE /* Preview Assets.xcassets */,
				1E9D786123E10B520020FAFE /* Assets.xcassets */,
				1E9D786623E10B520020FAFE /* LaunchScreen.storyboard */,
				1E9D786923E10B520020FAFE /* Info.plist */,
				1E9D788D23E10DE30020FAFE /* Locations App.entitlements */,
			);
			path = Resources;
			sourceTree = "<group>";
		};
		1E9D78A723E1497F0020FAFE /* Models */ = {
			isa = PBXGroup;
			children = (
				1EE2CF5823E7D2C2009760D6 /* CustomAnnotationView.swift */,
				1E9D78A023E12BC80020FAFE /* ReversedGeoLocation.swift */,
				1EE2CF5623E7CF49009760D6 /* UIColorInputError.swift */,
				1EFFA58523E89A3400914607 /* LocationAnnotation.swift */,
				1E3FEB1023E8CFDE000C4A0B /* AppColors.swift */,
				1E8909CD23F880070008500E /* VisitCellConstants.swift */,
			);
			path = Models;
			sourceTree = "<group>";
		};
		1EB865E223F9EC2D00A4B8E1 /* Button Styles */ = {
			isa = PBXGroup;
			children = (
				1EB865E323F9EC3C00A4B8E1 /* ScaleButtonStyle.swift */,
			);
			path = "Button Styles";
			sourceTree = "<group>";
		};
		1EFD54FE23E14F5500C02BBD /* Services */ = {
			isa = PBXGroup;
			children = (
				1E9D788B23E10C670020FAFE /* LocationManager.swift */,
			);
			path = Services;
			sourceTree = "<group>";
		};
		1EFF83A623E52B7A00FF04A1 /* PreferenceKeys */ = {
			isa = PBXGroup;
			children = (
				1EFF83A723E52B9000FF04A1 /* SizePreferenceKey.swift */,
			);
			path = PreferenceKeys;
			sourceTree = "<group>";
		};
		1EFF83A923E52BBA00FF04A1 /* View Modifiers */ = {
			isa = PBXGroup;
			children = (
				1EFF83AA23E52BC700FF04A1 /* SizeModifier.swift */,
				1EFF83AE23E52E5900FF04A1 /* RotatedModifier.swift */,
				1EFF83B623E53ACB00FF04A1 /* EdgeModifier.swift */,
				1E5DBEA623E9C6A000C86641 /* DisableModifier.swift */,
				1E5DBEA823E9C7A100C86641 /* OpacityModifier.swift */,
			);
			path = "View Modifiers";
			sourceTree = "<group>";
		};
/* End PBXGroup section */

/* Begin PBXNativeTarget section */
		1E9D785423E10B4F0020FAFE /* Locations App */ = {
			isa = PBXNativeTarget;
			buildConfigurationList = 1E9D788223E10B520020FAFE /* Build configuration list for PBXNativeTarget "Locations App" */;
			buildPhases = (
				1E9D785123E10B4F0020FAFE /* Sources */,
				1E9D785223E10B4F0020FAFE /* Frameworks */,
				1E9D785323E10B4F0020FAFE /* Resources */,
				1EE2CF4D23E786AF009760D6 /* Embed Frameworks */,
				1EE2CF5123E78AEE009760D6 /* Run Script */,
			);
			buildRules = (
			);
			dependencies = (
			);
			name = "Locations App";
			packageProductDependencies = (
			);
			productName = "Locations App";
			productReference = 1E9D785523E10B4F0020FAFE /* Locations App.app */;
			productType = "com.apple.product-type.application";
		};
		1E9D786D23E10B520020FAFE /* Locations AppTests */ = {
			isa = PBXNativeTarget;
			buildConfigurationList = 1E9D788523E10B520020FAFE /* Build configuration list for PBXNativeTarget "Locations AppTests" */;
			buildPhases = (
				1E9D786A23E10B520020FAFE /* Sources */,
				1E9D786B23E10B520020FAFE /* Frameworks */,
				1E9D786C23E10B520020FAFE /* Resources */,
			);
			buildRules = (
			);
			dependencies = (
				1E9D787023E10B520020FAFE /* PBXTargetDependency */,
			);
			name = "Locations AppTests";
			productName = "Locations AppTests";
			productReference = 1E9D786E23E10B520020FAFE /* Locations AppTests.xctest */;
			productType = "com.apple.product-type.bundle.unit-test";
		};
		1E9D787823E10B520020FAFE /* Locations AppUITests */ = {
			isa = PBXNativeTarget;
			buildConfigurationList = 1E9D788823E10B520020FAFE /* Build configuration list for PBXNativeTarget "Locations AppUITests" */;
			buildPhases = (
				1E9D787523E10B520020FAFE /* Sources */,
				1E9D787623E10B520020FAFE /* Frameworks */,
				1E9D787723E10B520020FAFE /* Resources */,
			);
			buildRules = (
			);
			dependencies = (
				1E9D787B23E10B520020FAFE /* PBXTargetDependency */,
			);
			name = "Locations AppUITests";
			productName = "Locations AppUITests";
			productReference = 1E9D787923E10B520020FAFE /* Locations AppUITests.xctest */;
			productType = "com.apple.product-type.bundle.ui-testing";
		};
/* End PBXNativeTarget section */

/* Begin PBXProject section */
		1E9D784D23E10B4F0020FAFE /* Project object */ = {
			isa = PBXProject;
			attributes = {
				LastSwiftUpdateCheck = 1130;
				LastUpgradeCheck = 1130;
				ORGANIZATIONNAME = "Kevin Li";
				TargetAttributes = {
					1E9D785423E10B4F0020FAFE = {
						CreatedOnToolsVersion = 11.3.1;
					};
					1E9D786D23E10B520020FAFE = {
						CreatedOnToolsVersion = 11.3.1;
						TestTargetID = 1E9D785423E10B4F0020FAFE;
					};
					1E9D787823E10B520020FAFE = {
						CreatedOnToolsVersion = 11.3.1;
						TestTargetID = 1E9D785423E10B4F0020FAFE;
					};
				};
			};
			buildConfigurationList = 1E9D785023E10B4F0020FAFE /* Build configuration list for PBXProject "Locations App" */;
			compatibilityVersion = "Xcode 9.3";
			developmentRegion = en;
			hasScannedForEncodings = 0;
			knownRegions = (
				en,
				Base,
			);
			mainGroup = 1E9D784C23E10B4F0020FAFE;
			packageReferences = (
			);
			productRefGroup = 1E9D785623E10B4F0020FAFE /* Products */;
			projectDirPath = "";
			projectRoot = "";
			targets = (
				1E9D785423E10B4F0020FAFE /* Locations App */,
				1E9D786D23E10B520020FAFE /* Locations AppTests */,
				1E9D787823E10B520020FAFE /* Locations AppUITests */,
			);
		};
/* End PBXProject section */

/* Begin PBXResourcesBuildPhase section */
		1E9D785323E10B4F0020FAFE /* Resources */ = {
			isa = PBXResourcesBuildPhase;
			buildActionMask = 2147483647;
			files = (
				1E9D786823E10B520020FAFE /* LaunchScreen.storyboard in Resources */,
				1E22BF5D23E2970500926030 /* Route.gpx in Resources */,
				1E9D786523E10B520020FAFE /* Preview Assets.xcassets in Resources */,
				1E9D786223E10B520020FAFE /* Assets.xcassets in Resources */,
			);
			runOnlyForDeploymentPostprocessing = 0;
		};
		1E9D786C23E10B520020FAFE /* Resources */ = {
			isa = PBXResourcesBuildPhase;
			buildActionMask = 2147483647;
			files = (
			);
			runOnlyForDeploymentPostprocessing = 0;
		};
		1E9D787723E10B520020FAFE /* Resources */ = {
			isa = PBXResourcesBuildPhase;
			buildActionMask = 2147483647;
			files = (
			);
			runOnlyForDeploymentPostprocessing = 0;
		};
/* End PBXResourcesBuildPhase section */

/* Begin PBXShellScriptBuildPhase section */
		1EE2CF5123E78AEE009760D6 /* Run Script */ = {
			isa = PBXShellScriptBuildPhase;
			buildActionMask = 2147483647;
			files = (
			);
			inputFileListPaths = (
			);
			inputPaths = (
				"$(SRCROOT)/Carthage/Build/iOS/Mapbox.framework",
				"$(SRCROOT)/Carthage/Build/iOS/MapboxMobileEvents.framework",
			);
			name = "Run Script";
			outputFileListPaths = (
			);
			outputPaths = (
			);
			runOnlyForDeploymentPostprocessing = 0;
			shellPath = /bin/sh;
			shellScript = "/usr/local/bin/carthage copy-frameworks\n";
		};
/* End PBXShellScriptBuildPhase section */

/* Begin PBXSourcesBuildPhase section */
		1E9D785123E10B4F0020FAFE /* Sources */ = {
			isa = PBXSourcesBuildPhase;
			buildActionMask = 2147483647;
			files = (
				1E9D789D23E125610020FAFE /* Visit+CoreDataProperties.swift in Sources */,
				1E3FEB0D23E8CC7E000C4A0B /* EditTagView.swift in Sources */,
				1E6D569423E653990044AB3A /* VSpace.swift in Sources */,
				1EFF83A823E52B9000FF04A1 /* SizePreferenceKey.swift in Sources */,
				1E5AF45623E3E25E00A94F10 /* Formatter+Additions.swift in Sources */,
				1E0F7C812402BD42001B033C /* VisitsHomeView.swift in Sources */,
				1EFF83B523E5368900FF04A1 /* V0Stack.swift in Sources */,
				1EB865E423F9EC3C00A4B8E1 /* ScaleButtonStyle.swift in Sources */,
				1EE2CF5723E7CF49009760D6 /* UIColorInputError.swift in Sources */,
				1EFF83B923E53BC200FF04A1 /* ScreenColor.swift in Sources */,
				1E6D568923E5EEB20044AB3A /* TagView.swift in Sources */,
				1E24927023EB52D200165280 /* ColorTextRow.swift in Sources */,
				1EFF83AB23E52BC700FF04A1 /* SizeModifier.swift in Sources */,
				1EE2CF5923E7D2C2009760D6 /* CustomAnnotationView.swift in Sources */,
				1E0F7C832402CC5B001B033C /* ExpanadableFAB.swift in Sources */,
				1EFF83A323E4E27800FF04A1 /* RandomAccessCollection+Additions.swift in Sources */,
				1E97274223EB57AE006528ED /* LocationVisitsView.swift in Sources */,
				1EFFA58C23E8B1E700914607 /* Location+CoreDataProperties.swift in Sources */,
				1EFFA58B23E8B1E700914607 /* Location+CoreDataClass.swift in Sources */,
				1E9D789C23E125610020FAFE /* Visit+CoreDataClass.swift in Sources */,
				1E5AF45823E3E2E500A94F10 /* Date+Additions.swift in Sources */,
				1EFF83B323E5365E00FF04A1 /* H0Stack.swift in Sources */,
				1EB865E123F9E01400A4B8E1 /* UIApplication.swift in Sources */,
				1E9D78A123E12BC80020FAFE /* ReversedGeoLocation.swift in Sources */,
				1EFF83AD23E52D5800FF04A1 /* View+Extensions.swift in Sources */,
				1EFF839F23E4CE7500FF04A1 /* DayPreviewBlock.swift in Sources */,
				1EFF839D23E4BF2F00FF04A1 /* DateComponents+Additions.swift in Sources */,
				1E06D51023FE21AE00467799 /* UIImage+Additions.swift in Sources */,
				1E6D568D23E5FEAC0044AB3A /* DayLabel.swift in Sources */,
				1E5AF45423E3CCCA00A94F10 /* VisitPreviewCell.swift in Sources */,
				1EFFA58623E89A3400914607 /* LocationAnnotation.swift in Sources */,
				1E80278F23E5E9AC0043D119 /* VisitsForDayView.swift in Sources */,
				1E5AF45223E3CC0500A94F10 /* VisitsPreviewList.swift in Sources */,
				1EE2CF5323E7A5EC009760D6 /* UserLocationButton.swift in Sources */,
				1EFF83B123E532FA00FF04A1 /* Array+Additions.swift in Sources */,
				1EFE9F4723FC225D00E94D67 /* MGLMapView+Default.swift in Sources */,
				1E3FEB1123E8CFDE000C4A0B /* AppColors.swift in Sources */,
				1E5DBEA723E9C6A000C86641 /* DisableModifier.swift in Sources */,
				1E9D785923E10B4F0020FAFE /* AppDelegate.swift in Sources */,
				1EE2CF5523E7CE4B009760D6 /* UIColor+Additions.swift in Sources */,
				1EFC8DC323E7238A00628251 /* StaticMapView.swift in Sources */,
				1E1D3DB623EF8B2500528241 /* VScroll.swift in Sources */,
				1E9D785E23E10B4F0020FAFE /* Locations_App.xcdatamodeld in Sources */,
				1EFF839B23E4BC9800FF04A1 /* Dictionary+Additions.swift in Sources */,
				1E8909CE23F880070008500E /* VisitCellConstants.swift in Sources */,
				1E9D789E23E125610020FAFE /* Tag+CoreDataClass.swift in Sources */,
				1E7B618F23E284C600F9F974 /* MapView.swift in Sources */,
				1EFF839723E4A4F900FF04A1 /* MonthYearSideBar.swift in Sources */,
				1E6D568723E5ED5B0044AB3A /* VisitDetailsView.swift in Sources */,
				1E9D788C23E10C670020FAFE /* LocationManager.swift in Sources */,
				1EB865DF23F9D53F00A4B8E1 /* CustomTextField.swift in Sources */,
				1E5DBEA923E9C7A100C86641 /* OpacityModifier.swift in Sources */,
				1E9D789F23E125610020FAFE /* Tag+CoreDataProperties.swift in Sources */,
				1E9D786023E10B4F0020FAFE /* RootView.swift in Sources */,
				1E9D789723E124030020FAFE /* CoreData.swift in Sources */,
				1EFF83AF23E52E5900FF04A1 /* RotatedModifier.swift in Sources */,
				1E9D785B23E10B4F0020FAFE /* SceneDelegate.swift in Sources */,
				1E6D568B23E5F6F10044AB3A /* BImage.swift in Sources */,
				1EFC8DC523E76B4200628251 /* AnyTransition.swift in Sources */,
				1EFF83B723E53ACB00FF04A1 /* EdgeModifier.swift in Sources */,
				1EFF839523E49E0900FF04A1 /* DaySideBar.swift in Sources */,
			);
			runOnlyForDeploymentPostprocessing = 0;
		};
		1E9D786A23E10B520020FAFE /* Sources */ = {
			isa = PBXSourcesBuildPhase;
			buildActionMask = 2147483647;
			files = (
				1E9D787323E10B520020FAFE /* Locations_AppTests.swift in Sources */,
			);
			runOnlyForDeploymentPostprocessing = 0;
		};
		1E9D787523E10B520020FAFE /* Sources */ = {
			isa = PBXSourcesBuildPhase;
			buildActionMask = 2147483647;
			files = (
				1E9D787E23E10B520020FAFE /* Locations_AppUITests.swift in Sources */,
			);
			runOnlyForDeploymentPostprocessing = 0;
		};
/* End PBXSourcesBuildPhase section */

/* Begin PBXTargetDependency section */
		1E9D787023E10B520020FAFE /* PBXTargetDependency */ = {
			isa = PBXTargetDependency;
			target = 1E9D785423E10B4F0020FAFE /* Locations App */;
			targetProxy = 1E9D786F23E10B520020FAFE /* PBXContainerItemProxy */;
		};
		1E9D787B23E10B520020FAFE /* PBXTargetDependency */ = {
			isa = PBXTargetDependency;
			target = 1E9D785423E10B4F0020FAFE /* Locations App */;
			targetProxy = 1E9D787A23E10B520020FAFE /* PBXContainerItemProxy */;
		};
/* End PBXTargetDependency section */

/* Begin PBXVariantGroup section */
		1E9D786623E10B520020FAFE /* LaunchScreen.storyboard */ = {
			isa = PBXVariantGroup;
			children = (
				1E9D786723E10B520020FAFE /* Base */,
			);
			name = LaunchScreen.storyboard;
			sourceTree = "<group>";
		};
/* End PBXVariantGroup section */

/* Begin XCBuildConfiguration section */
		1E9D788023E10B520020FAFE /* Debug */ = {
			isa = XCBuildConfiguration;
			buildSettings = {
				ALWAYS_SEARCH_USER_PATHS = NO;
				CLANG_ANALYZER_NONNULL = YES;
				CLANG_ANALYZER_NUMBER_OBJECT_CONVERSION = YES_AGGRESSIVE;
				CLANG_CXX_LANGUAGE_STANDARD = "gnu++14";
				CLANG_CXX_LIBRARY = "libc++";
				CLANG_ENABLE_MODULES = YES;
				CLANG_ENABLE_OBJC_ARC = YES;
				CLANG_ENABLE_OBJC_WEAK = YES;
				CLANG_WARN_BLOCK_CAPTURE_AUTORELEASING = YES;
				CLANG_WARN_BOOL_CONVERSION = YES;
				CLANG_WARN_COMMA = YES;
				CLANG_WARN_CONSTANT_CONVERSION = YES;
				CLANG_WARN_DEPRECATED_OBJC_IMPLEMENTATIONS = YES;
				CLANG_WARN_DIRECT_OBJC_ISA_USAGE = YES_ERROR;
				CLANG_WARN_DOCUMENTATION_COMMENTS = YES;
				CLANG_WARN_EMPTY_BODY = YES;
				CLANG_WARN_ENUM_CONVERSION = YES;
				CLANG_WARN_INFINITE_RECURSION = YES;
				CLANG_WARN_INT_CONVERSION = YES;
				CLANG_WARN_NON_LITERAL_NULL_CONVERSION = YES;
				CLANG_WARN_OBJC_IMPLICIT_RETAIN_SELF = YES;
				CLANG_WARN_OBJC_LITERAL_CONVERSION = YES;
				CLANG_WARN_OBJC_ROOT_CLASS = YES_ERROR;
				CLANG_WARN_RANGE_LOOP_ANALYSIS = YES;
				CLANG_WARN_STRICT_PROTOTYPES = YES;
				CLANG_WARN_SUSPICIOUS_MOVE = YES;
				CLANG_WARN_UNGUARDED_AVAILABILITY = YES_AGGRESSIVE;
				CLANG_WARN_UNREACHABLE_CODE = YES;
				CLANG_WARN__DUPLICATE_METHOD_MATCH = YES;
				COPY_PHASE_STRIP = NO;
				DEBUG_INFORMATION_FORMAT = dwarf;
				ENABLE_STRICT_OBJC_MSGSEND = YES;
				ENABLE_TESTABILITY = YES;
				GCC_C_LANGUAGE_STANDARD = gnu11;
				GCC_DYNAMIC_NO_PIC = NO;
				GCC_NO_COMMON_BLOCKS = YES;
				GCC_OPTIMIZATION_LEVEL = 0;
				GCC_PREPROCESSOR_DEFINITIONS = (
					"DEBUG=1",
					"$(inherited)",
				);
				GCC_WARN_64_TO_32_BIT_CONVERSION = YES;
				GCC_WARN_ABOUT_RETURN_TYPE = YES_ERROR;
				GCC_WARN_UNDECLARED_SELECTOR = YES;
				GCC_WARN_UNINITIALIZED_AUTOS = YES_AGGRESSIVE;
				GCC_WARN_UNUSED_FUNCTION = YES;
				GCC_WARN_UNUSED_VARIABLE = YES;
				IPHONEOS_DEPLOYMENT_TARGET = 13.0;
				MTL_ENABLE_DEBUG_INFO = INCLUDE_SOURCE;
				MTL_FAST_MATH = YES;
				ONLY_ACTIVE_ARCH = YES;
				SDKROOT = iphoneos;
				SWIFT_ACTIVE_COMPILATION_CONDITIONS = DEBUG;
				SWIFT_OPTIMIZATION_LEVEL = "-Onone";
			};
			name = Debug;
		};
		1E9D788123E10B520020FAFE /* Release */ = {
			isa = XCBuildConfiguration;
			buildSettings = {
				ALWAYS_SEARCH_USER_PATHS = NO;
				CLANG_ANALYZER_NONNULL = YES;
				CLANG_ANALYZER_NUMBER_OBJECT_CONVERSION = YES_AGGRESSIVE;
				CLANG_CXX_LANGUAGE_STANDARD = "gnu++14";
				CLANG_CXX_LIBRARY = "libc++";
				CLANG_ENABLE_MODULES = YES;
				CLANG_ENABLE_OBJC_ARC = YES;
				CLANG_ENABLE_OBJC_WEAK = YES;
				CLANG_WARN_BLOCK_CAPTURE_AUTORELEASING = YES;
				CLANG_WARN_BOOL_CONVERSION = YES;
				CLANG_WARN_COMMA = YES;
				CLANG_WARN_CONSTANT_CONVERSION = YES;
				CLANG_WARN_DEPRECATED_OBJC_IMPLEMENTATIONS = YES;
				CLANG_WARN_DIRECT_OBJC_ISA_USAGE = YES_ERROR;
				CLANG_WARN_DOCUMENTATION_COMMENTS = YES;
				CLANG_WARN_EMPTY_BODY = YES;
				CLANG_WARN_ENUM_CONVERSION = YES;
				CLANG_WARN_INFINITE_RECURSION = YES;
				CLANG_WARN_INT_CONVERSION = YES;
				CLANG_WARN_NON_LITERAL_NULL_CONVERSION = YES;
				CLANG_WARN_OBJC_IMPLICIT_RETAIN_SELF = YES;
				CLANG_WARN_OBJC_LITERAL_CONVERSION = YES;
				CLANG_WARN_OBJC_ROOT_CLASS = YES_ERROR;
				CLANG_WARN_RANGE_LOOP_ANALYSIS = YES;
				CLANG_WARN_STRICT_PROTOTYPES = YES;
				CLANG_WARN_SUSPICIOUS_MOVE = YES;
				CLANG_WARN_UNGUARDED_AVAILABILITY = YES_AGGRESSIVE;
				CLANG_WARN_UNREACHABLE_CODE = YES;
				CLANG_WARN__DUPLICATE_METHOD_MATCH = YES;
				COPY_PHASE_STRIP = NO;
				DEBUG_INFORMATION_FORMAT = "dwarf-with-dsym";
				ENABLE_NS_ASSERTIONS = NO;
				ENABLE_STRICT_OBJC_MSGSEND = YES;
				GCC_C_LANGUAGE_STANDARD = gnu11;
				GCC_NO_COMMON_BLOCKS = YES;
				GCC_WARN_64_TO_32_BIT_CONVERSION = YES;
				GCC_WARN_ABOUT_RETURN_TYPE = YES_ERROR;
				GCC_WARN_UNDECLARED_SELECTOR = YES;
				GCC_WARN_UNINITIALIZED_AUTOS = YES_AGGRESSIVE;
				GCC_WARN_UNUSED_FUNCTION = YES;
				GCC_WARN_UNUSED_VARIABLE = YES;
				IPHONEOS_DEPLOYMENT_TARGET = 13.0;
				MTL_ENABLE_DEBUG_INFO = NO;
				MTL_FAST_MATH = YES;
				SDKROOT = iphoneos;
				SWIFT_COMPILATION_MODE = wholemodule;
				SWIFT_OPTIMIZATION_LEVEL = "-O";
				VALIDATE_PRODUCT = YES;
			};
			name = Release;
		};
		1E9D788323E10B520020FAFE /* Debug */ = {
			isa = XCBuildConfiguration;
			buildSettings = {
				ASSETCATALOG_COMPILER_APPICON_NAME = AppIcon;
				CODE_SIGN_ENTITLEMENTS = "Locations App/Resources/Locations App.entitlements";
				CODE_SIGN_STYLE = Automatic;
				DEVELOPMENT_ASSET_PATHS = "\"Locations App/Resources\"";
				DEVELOPMENT_TEAM = 75H2NCGMKS;
				ENABLE_PREVIEWS = YES;
				FRAMEWORK_SEARCH_PATHS = (
					"$(inherited)",
					"$(PROJECT_DIR)/Carthage/Build/iOS",
				);
				GCC_NO_COMMON_BLOCKS = YES;
				INFOPLIST_FILE = "Locations App/Resources/Info.plist";
				LD_RUNPATH_SEARCH_PATHS = (
					"$(inherited)",
					"@executable_path/Frameworks",
				);
				PRODUCT_BUNDLE_IDENTIFIER = "com.kevinli.Locations-App";
				PRODUCT_NAME = "$(TARGET_NAME)";
				SWIFT_VERSION = 5.0;
				TARGETED_DEVICE_FAMILY = "1,2";
			};
			name = Debug;
		};
		1E9D788423E10B520020FAFE /* Release */ = {
			isa = XCBuildConfiguration;
			buildSettings = {
				ASSETCATALOG_COMPILER_APPICON_NAME = AppIcon;
				CODE_SIGN_ENTITLEMENTS = "Locations App/Resources/Locations App.entitlements";
				CODE_SIGN_STYLE = Automatic;
				DEVELOPMENT_ASSET_PATHS = "\"Locations App/Resources\"";
				DEVELOPMENT_TEAM = 75H2NCGMKS;
				ENABLE_PREVIEWS = YES;
				FRAMEWORK_SEARCH_PATHS = (
					"$(inherited)",
					"$(PROJECT_DIR)/Carthage/Build/iOS",
				);
				GCC_NO_COMMON_BLOCKS = YES;
				INFOPLIST_FILE = "Locations App/Resources/Info.plist";
				LD_RUNPATH_SEARCH_PATHS = (
					"$(inherited)",
					"@executable_path/Frameworks",
				);
				PRODUCT_BUNDLE_IDENTIFIER = "com.kevinli.Locations-App";
				PRODUCT_NAME = "$(TARGET_NAME)";
				SWIFT_VERSION = 5.0;
				TARGETED_DEVICE_FAMILY = "1,2";
			};
			name = Release;
		};
		1E9D788623E10B520020FAFE /* Debug */ = {
			isa = XCBuildConfiguration;
			buildSettings = {
				ALWAYS_EMBED_SWIFT_STANDARD_LIBRARIES = YES;
				BUNDLE_LOADER = "$(TEST_HOST)";
				CODE_SIGN_STYLE = Automatic;
				DEVELOPMENT_TEAM = 75H2NCGMKS;
				INFOPLIST_FILE = "Locations AppTests/Info.plist";
				IPHONEOS_DEPLOYMENT_TARGET = 13.2;
				LD_RUNPATH_SEARCH_PATHS = (
					"$(inherited)",
					"@executable_path/Frameworks",
					"@loader_path/Frameworks",
				);
				PRODUCT_BUNDLE_IDENTIFIER = "com.kevinli.Locations-AppTests";
				PRODUCT_NAME = "$(TARGET_NAME)";
				SWIFT_VERSION = 5.0;
				TARGETED_DEVICE_FAMILY = "1,2";
				TEST_HOST = "$(BUILT_PRODUCTS_DIR)/Locations App.app/Locations App";
			};
			name = Debug;
		};
		1E9D788723E10B520020FAFE /* Release */ = {
			isa = XCBuildConfiguration;
			buildSettings = {
				ALWAYS_EMBED_SWIFT_STANDARD_LIBRARIES = YES;
				BUNDLE_LOADER = "$(TEST_HOST)";
				CODE_SIGN_STYLE = Automatic;
				DEVELOPMENT_TEAM = 75H2NCGMKS;
				INFOPLIST_FILE = "Locations AppTests/Info.plist";
				IPHONEOS_DEPLOYMENT_TARGET = 13.2;
				LD_RUNPATH_SEARCH_PATHS = (
					"$(inherited)",
					"@executable_path/Frameworks",
					"@loader_path/Frameworks",
				);
				PRODUCT_BUNDLE_IDENTIFIER = "com.kevinli.Locations-AppTests";
				PRODUCT_NAME = "$(TARGET_NAME)";
				SWIFT_VERSION = 5.0;
				TARGETED_DEVICE_FAMILY = "1,2";
				TEST_HOST = "$(BUILT_PRODUCTS_DIR)/Locations App.app/Locations App";
			};
			name = Release;
		};
		1E9D788923E10B520020FAFE /* Debug */ = {
			isa = XCBuildConfiguration;
			buildSettings = {
				ALWAYS_EMBED_SWIFT_STANDARD_LIBRARIES = YES;
				CODE_SIGN_STYLE = Automatic;
				DEVELOPMENT_TEAM = 75H2NCGMKS;
				INFOPLIST_FILE = "Locations AppUITests/Info.plist";
				LD_RUNPATH_SEARCH_PATHS = (
					"$(inherited)",
					"@executable_path/Frameworks",
					"@loader_path/Frameworks",
				);
				PRODUCT_BUNDLE_IDENTIFIER = "com.kevinli.Locations-AppUITests";
				PRODUCT_NAME = "$(TARGET_NAME)";
				SWIFT_VERSION = 5.0;
				TARGETED_DEVICE_FAMILY = "1,2";
				TEST_TARGET_NAME = "Locations App";
			};
			name = Debug;
		};
		1E9D788A23E10B520020FAFE /* Release */ = {
			isa = XCBuildConfiguration;
			buildSettings = {
				ALWAYS_EMBED_SWIFT_STANDARD_LIBRARIES = YES;
				CODE_SIGN_STYLE = Automatic;
				DEVELOPMENT_TEAM = 75H2NCGMKS;
				INFOPLIST_FILE = "Locations AppUITests/Info.plist";
				LD_RUNPATH_SEARCH_PATHS = (
					"$(inherited)",
					"@executable_path/Frameworks",
					"@loader_path/Frameworks",
				);
				PRODUCT_BUNDLE_IDENTIFIER = "com.kevinli.Locations-AppUITests";
				PRODUCT_NAME = "$(TARGET_NAME)";
				SWIFT_VERSION = 5.0;
				TARGETED_DEVICE_FAMILY = "1,2";
				TEST_TARGET_NAME = "Locations App";
			};
			name = Release;
		};
/* End XCBuildConfiguration section */

/* Begin XCConfigurationList section */
		1E9D785023E10B4F0020FAFE /* Build configuration list for PBXProject "Locations App" */ = {
			isa = XCConfigurationList;
			buildConfigurations = (
				1E9D788023E10B520020FAFE /* Debug */,
				1E9D788123E10B520020FAFE /* Release */,
			);
			defaultConfigurationIsVisible = 0;
			defaultConfigurationName = Release;
		};
		1E9D788223E10B520020FAFE /* Build configuration list for PBXNativeTarget "Locations App" */ = {
			isa = XCConfigurationList;
			buildConfigurations = (
				1E9D788323E10B520020FAFE /* Debug */,
				1E9D788423E10B520020FAFE /* Release */,
			);
			defaultConfigurationIsVisible = 0;
			defaultConfigurationName = Release;
		};
		1E9D788523E10B520020FAFE /* Build configuration list for PBXNativeTarget "Locations AppTests" */ = {
			isa = XCConfigurationList;
			buildConfigurations = (
				1E9D788623E10B520020FAFE /* Debug */,
				1E9D788723E10B520020FAFE /* Release */,
			);
			defaultConfigurationIsVisible = 0;
			defaultConfigurationName = Release;
		};
		1E9D788823E10B520020FAFE /* Build configuration list for PBXNativeTarget "Locations AppUITests" */ = {
			isa = XCConfigurationList;
			buildConfigurations = (
				1E9D788923E10B520020FAFE /* Debug */,
				1E9D788A23E10B520020FAFE /* Release */,
			);
			defaultConfigurationIsVisible = 0;
			defaultConfigurationName = Release;
		};
/* End XCConfigurationList section */

/* Begin XCVersionGroup section */
		1E9D785C23E10B4F0020FAFE /* Locations_App.xcdatamodeld */ = {
			isa = XCVersionGroup;
			children = (
				1E9D785D23E10B4F0020FAFE /* Locations_App.xcdatamodel */,
			);
			currentVersion = 1E9D785D23E10B4F0020FAFE /* Locations_App.xcdatamodel */;
			path = Locations_App.xcdatamodeld;
			sourceTree = "<group>";
			versionGroupType = wrapper.xcdatamodel;
		};
/* End XCVersionGroup section */
	};
	rootObject = 1E9D784D23E10B4F0020FAFE /* Project object */;
}
